// !$*UTF8*$!
{
	archiveVersion = 1;
	classes = {
	};
	objectVersion = 56;
	objects = {

/* Begin PBXBuildFile section */
		2C675D822908CBDC001A7868 /* ContentTabView.swift in Sources */ = {isa = PBXBuildFile; fileRef = 2C675D812908CBDC001A7868 /* ContentTabView.swift */; };
		2C7D8F10290264FD00CBEC17 /* RandomOldmanApp.swift in Sources */ = {isa = PBXBuildFile; fileRef = 2C7D8F0F290264FD00CBEC17 /* RandomOldmanApp.swift */; };
		2C7D8F12290264FD00CBEC17 /* ContentView.swift in Sources */ = {isa = PBXBuildFile; fileRef = 2C7D8F11290264FD00CBEC17 /* ContentView.swift */; };
		2C7D8F14290264FF00CBEC17 /* Assets.xcassets in Resources */ = {isa = PBXBuildFile; fileRef = 2C7D8F13290264FF00CBEC17 /* Assets.xcassets */; };
		2C7D8F17290264FF00CBEC17 /* Preview Assets.xcassets in Resources */ = {isa = PBXBuildFile; fileRef = 2C7D8F16290264FF00CBEC17 /* Preview Assets.xcassets */; };
		2C7D8F1E290267F400CBEC17 /* ButtonView.swift in Sources */ = {isa = PBXBuildFile; fileRef = 2C7D8F1D290267F300CBEC17 /* ButtonView.swift */; };
		2C7D8F402906672200CBEC17 /* ResultData.swift in Sources */ = {isa = PBXBuildFile; fileRef = 2C7D8F3F2906672200CBEC17 /* ResultData.swift */; };
		2C8DD6DC2907B9E0000E2A61 /* Roller.swift in Sources */ = {isa = PBXBuildFile; fileRef = 2C8DD6DB2907B9E0000E2A61 /* Roller.swift */; };
		2C8DD6DE2907B9EA000E2A61 /* RollingBoard.swift in Sources */ = {isa = PBXBuildFile; fileRef = 2C8DD6DD2907B9EA000E2A61 /* RollingBoard.swift */; };
		2C8DD6E02907B9FB000E2A61 /* SecondGameView.swift in Sources */ = {isa = PBXBuildFile; fileRef = 2C8DD6DF2907B9FB000E2A61 /* SecondGameView.swift */; };
		34EFCDDB2902799500B7669B /* ModalView.swift in Sources */ = {isa = PBXBuildFile; fileRef = 34EFCDDA2902799500B7669B /* ModalView.swift */; };
		34EFCE15290670A500B7669B /* RecentResultView.swift in Sources */ = {isa = PBXBuildFile; fileRef = 34EFCE14290670A500B7669B /* RecentResultView.swift */; };
		34EFCE732908EE7D00B7669B /* CalculatorView.swift in Sources */ = {isa = PBXBuildFile; fileRef = 34EFCE722908EE7D00B7669B /* CalculatorView.swift */; };
/* End PBXBuildFile section */

/* Begin PBXFileReference section */
		2C675D812908CBDC001A7868 /* ContentTabView.swift */ = {isa = PBXFileReference; fileEncoding = 4; lastKnownFileType = sourcecode.swift; path = ContentTabView.swift; sourceTree = "<group>"; };
		2C7D8F0C290264FD00CBEC17 /* RandomOldman.app */ = {isa = PBXFileReference; explicitFileType = wrapper.application; includeInIndex = 0; path = RandomOldman.app; sourceTree = BUILT_PRODUCTS_DIR; };
		2C7D8F0F290264FD00CBEC17 /* RandomOldmanApp.swift */ = {isa = PBXFileReference; lastKnownFileType = sourcecode.swift; path = RandomOldmanApp.swift; sourceTree = "<group>"; };
		2C7D8F11290264FD00CBEC17 /* ContentView.swift */ = {isa = PBXFileReference; lastKnownFileType = sourcecode.swift; path = ContentView.swift; sourceTree = "<group>"; };
		2C7D8F13290264FF00CBEC17 /* Assets.xcassets */ = {isa = PBXFileReference; lastKnownFileType = folder.assetcatalog; path = Assets.xcassets; sourceTree = "<group>"; };
		2C7D8F16290264FF00CBEC17 /* Preview Assets.xcassets */ = {isa = PBXFileReference; lastKnownFileType = folder.assetcatalog; path = "Preview Assets.xcassets"; sourceTree = "<group>"; };
		2C7D8F1D290267F300CBEC17 /* ButtonView.swift */ = {isa = PBXFileReference; lastKnownFileType = sourcecode.swift; path = ButtonView.swift; sourceTree = "<group>"; };
		2C7D8F3F2906672200CBEC17 /* ResultData.swift */ = {isa = PBXFileReference; lastKnownFileType = sourcecode.swift; path = ResultData.swift; sourceTree = "<group>"; };
		2C8DD6DB2907B9E0000E2A61 /* Roller.swift */ = {isa = PBXFileReference; fileEncoding = 4; lastKnownFileType = sourcecode.swift; path = Roller.swift; sourceTree = "<group>"; };
		2C8DD6DD2907B9EA000E2A61 /* RollingBoard.swift */ = {isa = PBXFileReference; fileEncoding = 4; lastKnownFileType = sourcecode.swift; path = RollingBoard.swift; sourceTree = "<group>"; };
		2C8DD6DF2907B9FB000E2A61 /* SecondGameView.swift */ = {isa = PBXFileReference; fileEncoding = 4; lastKnownFileType = sourcecode.swift; path = SecondGameView.swift; sourceTree = "<group>"; };
		34EFCDDA2902799500B7669B /* ModalView.swift */ = {isa = PBXFileReference; lastKnownFileType = sourcecode.swift; path = ModalView.swift; sourceTree = "<group>"; };
		34EFCE14290670A500B7669B /* RecentResultView.swift */ = {isa = PBXFileReference; lastKnownFileType = sourcecode.swift; path = RecentResultView.swift; sourceTree = "<group>"; };
		34EFCE722908EE7D00B7669B /* CalculatorView.swift */ = {isa = PBXFileReference; lastKnownFileType = sourcecode.swift; path = CalculatorView.swift; sourceTree = "<group>"; };
/* End PBXFileReference section */

/* Begin PBXFrameworksBuildPhase section */
		2C7D8F09290264FD00CBEC17 /* Frameworks */ = {
			isa = PBXFrameworksBuildPhase;
			buildActionMask = 2147483647;
			files = (
			);
			runOnlyForDeploymentPostprocessing = 0;
		};
/* End PBXFrameworksBuildPhase section */

/* Begin PBXGroup section */
		2C7D8F03290264FD00CBEC17 = {
			isa = PBXGroup;
			children = (
				2C7D8F0E290264FD00CBEC17 /* RandomOldman */,
				2C7D8F0D290264FD00CBEC17 /* Products */,
			);
			sourceTree = "<group>";
		};
		2C7D8F0D290264FD00CBEC17 /* Products */ = {
			isa = PBXGroup;
			children = (
				2C7D8F0C290264FD00CBEC17 /* RandomOldman.app */,
			);
			name = Products;
			sourceTree = "<group>";
		};
		2C7D8F0E290264FD00CBEC17 /* RandomOldman */ = {
			isa = PBXGroup;
			children = (
				34EFCE14290670A500B7669B /* RecentResultView.swift */,
				2C7D8F0F290264FD00CBEC17 /* RandomOldmanApp.swift */,
				2C7D8F11290264FD00CBEC17 /* ContentView.swift */,
				34EFCE722908EE7D00B7669B /* CalculatorView.swift */,
				2C7D8F1D290267F300CBEC17 /* ButtonView.swift */,
				2C7D8F3F2906672200CBEC17 /* ResultData.swift */,
				34EFCDDA2902799500B7669B /* ModalView.swift */,
				2C8DD6DB2907B9E0000E2A61 /* Roller.swift */,
				2C8DD6DD2907B9EA000E2A61 /* RollingBoard.swift */,
				2C8DD6DF2907B9FB000E2A61 /* SecondGameView.swift */,
				2C675D812908CBDC001A7868 /* ContentTabView.swift */,
				2C7D8F13290264FF00CBEC17 /* Assets.xcassets */,
				2C7D8F15290264FF00CBEC17 /* Preview Content */,
			);
			path = RandomOldman;
			sourceTree = "<group>";
		};
		2C7D8F15290264FF00CBEC17 /* Preview Content */ = {
			isa = PBXGroup;
			children = (
				2C7D8F16290264FF00CBEC17 /* Preview Assets.xcassets */,
			);
			path = "Preview Content";
			sourceTree = "<group>";
		};
/* End PBXGroup section */

/* Begin PBXNativeTarget section */
		2C7D8F0B290264FD00CBEC17 /* RandomOldman */ = {
			isa = PBXNativeTarget;
			buildConfigurationList = 2C7D8F1A290264FF00CBEC17 /* Build configuration list for PBXNativeTarget "RandomOldman" */;
			buildPhases = (
				2C7D8F08290264FD00CBEC17 /* Sources */,
				2C7D8F09290264FD00CBEC17 /* Frameworks */,
				2C7D8F0A290264FD00CBEC17 /* Resources */,
			);
			buildRules = (
			);
			dependencies = (
			);
			name = RandomOldman;
			productName = RandomOldman;
			productReference = 2C7D8F0C290264FD00CBEC17 /* RandomOldman.app */;
			productType = "com.apple.product-type.application";
		};
/* End PBXNativeTarget section */

/* Begin PBXProject section */
		2C7D8F04290264FD00CBEC17 /* Project object */ = {
			isa = PBXProject;
			attributes = {
				BuildIndependentTargetsInParallel = 1;
				LastSwiftUpdateCheck = 1400;
				LastUpgradeCheck = 1400;
				TargetAttributes = {
					2C7D8F0B290264FD00CBEC17 = {
						CreatedOnToolsVersion = 14.0.1;
					};
				};
			};
			buildConfigurationList = 2C7D8F07290264FD00CBEC17 /* Build configuration list for PBXProject "RandomOldman" */;
			compatibilityVersion = "Xcode 14.0";
			developmentRegion = en;
			hasScannedForEncodings = 0;
			knownRegions = (
				en,
				Base,
			);
			mainGroup = 2C7D8F03290264FD00CBEC17;
			productRefGroup = 2C7D8F0D290264FD00CBEC17 /* Products */;
			projectDirPath = "";
			projectRoot = "";
			targets = (
				2C7D8F0B290264FD00CBEC17 /* RandomOldman */,
			);
		};
/* End PBXProject section */

/* Begin PBXResourcesBuildPhase section */
		2C7D8F0A290264FD00CBEC17 /* Resources */ = {
			isa = PBXResourcesBuildPhase;
			buildActionMask = 2147483647;
			files = (
				2C7D8F17290264FF00CBEC17 /* Preview Assets.xcassets in Resources */,
				2C7D8F14290264FF00CBEC17 /* Assets.xcassets in Resources */,
			);
			runOnlyForDeploymentPostprocessing = 0;
		};
/* End PBXResourcesBuildPhase section */

/* Begin PBXSourcesBuildPhase section */
		2C7D8F08290264FD00CBEC17 /* Sources */ = {
			isa = PBXSourcesBuildPhase;
			buildActionMask = 2147483647;
			files = (
				2C8DD6DC2907B9E0000E2A61 /* Roller.swift in Sources */,
				2C7D8F402906672200CBEC17 /* ResultData.swift in Sources */,
				2C7D8F12290264FD00CBEC17 /* ContentView.swift in Sources */,
				2C7D8F10290264FD00CBEC17 /* RandomOldmanApp.swift in Sources */,
				2C8DD6E02907B9FB000E2A61 /* SecondGameView.swift in Sources */,
				34EFCE732908EE7D00B7669B /* CalculatorView.swift in Sources */,
				2C8DD6DE2907B9EA000E2A61 /* RollingBoard.swift in Sources */,
				2C675D822908CBDC001A7868 /* ContentTabView.swift in Sources */,
				34EFCDDB2902799500B7669B /* ModalView.swift in Sources */,
				34EFCE15290670A500B7669B /* RecentResultView.swift in Sources */,
				2C7D8F1E290267F400CBEC17 /* ButtonView.swift in Sources */,
			);
			runOnlyForDeploymentPostprocessing = 0;
		};
/* End PBXSourcesBuildPhase section */

/* Begin XCBuildConfiguration section */
		2C7D8F18290264FF00CBEC17 /* Debug */ = {
			isa = XCBuildConfiguration;
			buildSettings = {
				ALWAYS_SEARCH_USER_PATHS = NO;
				CLANG_ANALYZER_NONNULL = YES;
				CLANG_ANALYZER_NUMBER_OBJECT_CONVERSION = YES_AGGRESSIVE;
				CLANG_CXX_LANGUAGE_STANDARD = "gnu++20";
				CLANG_ENABLE_MODULES = YES;
				CLANG_ENABLE_OBJC_ARC = YES;
				CLANG_ENABLE_OBJC_WEAK = YES;
				CLANG_WARN_BLOCK_CAPTURE_AUTORELEASING = YES;
				CLANG_WARN_BOOL_CONVERSION = YES;
				CLANG_WARN_COMMA = YES;
				CLANG_WARN_CONSTANT_CONVERSION = YES;
				CLANG_WARN_DEPRECATED_OBJC_IMPLEMENTATIONS = YES;
				CLANG_WARN_DIRECT_OBJC_ISA_USAGE = YES_ERROR;
				CLANG_WARN_DOCUMENTATION_COMMENTS = YES;
				CLANG_WARN_EMPTY_BODY = YES;
				CLANG_WARN_ENUM_CONVERSION = YES;
				CLANG_WARN_INFINITE_RECURSION = YES;
				CLANG_WARN_INT_CONVERSION = YES;
				CLANG_WARN_NON_LITERAL_NULL_CONVERSION = YES;
				CLANG_WARN_OBJC_IMPLICIT_RETAIN_SELF = YES;
				CLANG_WARN_OBJC_LITERAL_CONVERSION = YES;
				CLANG_WARN_OBJC_ROOT_CLASS = YES_ERROR;
				CLANG_WARN_QUOTED_INCLUDE_IN_FRAMEWORK_HEADER = YES;
				CLANG_WARN_RANGE_LOOP_ANALYSIS = YES;
				CLANG_WARN_STRICT_PROTOTYPES = YES;
				CLANG_WARN_SUSPICIOUS_MOVE = YES;
				CLANG_WARN_UNGUARDED_AVAILABILITY = YES_AGGRESSIVE;
				CLANG_WARN_UNREACHABLE_CODE = YES;
				CLANG_WARN__DUPLICATE_METHOD_MATCH = YES;
				COPY_PHASE_STRIP = NO;
				DEBUG_INFORMATION_FORMAT = dwarf;
				ENABLE_STRICT_OBJC_MSGSEND = YES;
				ENABLE_TESTABILITY = YES;
				GCC_C_LANGUAGE_STANDARD = gnu11;
				GCC_DYNAMIC_NO_PIC = NO;
				GCC_NO_COMMON_BLOCKS = YES;
				GCC_OPTIMIZATION_LEVEL = 0;
				GCC_PREPROCESSOR_DEFINITIONS = (
					"DEBUG=1",
					"$(inherited)",
				);
				GCC_WARN_64_TO_32_BIT_CONVERSION = YES;
				GCC_WARN_ABOUT_RETURN_TYPE = YES_ERROR;
				GCC_WARN_UNDECLARED_SELECTOR = YES;
				GCC_WARN_UNINITIALIZED_AUTOS = YES_AGGRESSIVE;
				GCC_WARN_UNUSED_FUNCTION = YES;
				GCC_WARN_UNUSED_VARIABLE = YES;
				IPHONEOS_DEPLOYMENT_TARGET = 16.0;
				MTL_ENABLE_DEBUG_INFO = INCLUDE_SOURCE;
				MTL_FAST_MATH = YES;
				ONLY_ACTIVE_ARCH = YES;
				SDKROOT = iphoneos;
				SWIFT_ACTIVE_COMPILATION_CONDITIONS = DEBUG;
				SWIFT_OPTIMIZATION_LEVEL = "-Onone";
			};
			name = Debug;
		};
		2C7D8F19290264FF00CBEC17 /* Release */ = {
			isa = XCBuildConfiguration;
			buildSettings = {
				ALWAYS_SEARCH_USER_PATHS = NO;
				CLANG_ANALYZER_NONNULL = YES;
				CLANG_ANALYZER_NUMBER_OBJECT_CONVERSION = YES_AGGRESSIVE;
				CLANG_CXX_LANGUAGE_STANDARD = "gnu++20";
				CLANG_ENABLE_MODULES = YES;
				CLANG_ENABLE_OBJC_ARC = YES;
				CLANG_ENABLE_OBJC_WEAK = YES;
				CLANG_WARN_BLOCK_CAPTURE_AUTORELEASING = YES;
				CLANG_WARN_BOOL_CONVERSION = YES;
				CLANG_WARN_COMMA = YES;
				CLANG_WARN_CONSTANT_CONVERSION = YES;
				CLANG_WARN_DEPRECATED_OBJC_IMPLEMENTATIONS = YES;
				CLANG_WARN_DIRECT_OBJC_ISA_USAGE = YES_ERROR;
				CLANG_WARN_DOCUMENTATION_COMMENTS = YES;
				CLANG_WARN_EMPTY_BODY = YES;
				CLANG_WARN_ENUM_CONVERSION = YES;
				CLANG_WARN_INFINITE_RECURSION = YES;
				CLANG_WARN_INT_CONVERSION = YES;
				CLANG_WARN_NON_LITERAL_NULL_CONVERSION = YES;
				CLANG_WARN_OBJC_IMPLICIT_RETAIN_SELF = YES;
				CLANG_WARN_OBJC_LITERAL_CONVERSION = YES;
				CLANG_WARN_OBJC_ROOT_CLASS = YES_ERROR;
				CLANG_WARN_QUOTED_INCLUDE_IN_FRAMEWORK_HEADER = YES;
				CLANG_WARN_RANGE_LOOP_ANALYSIS = YES;
				CLANG_WARN_STRICT_PROTOTYPES = YES;
				CLANG_WARN_SUSPICIOUS_MOVE = YES;
				CLANG_WARN_UNGUARDED_AVAILABILITY = YES_AGGRESSIVE;
				CLANG_WARN_UNREACHABLE_CODE = YES;
				CLANG_WARN__DUPLICATE_METHOD_MATCH = YES;
				COPY_PHASE_STRIP = NO;
				DEBUG_INFORMATION_FORMAT = "dwarf-with-dsym";
				ENABLE_NS_ASSERTIONS = NO;
				ENABLE_STRICT_OBJC_MSGSEND = YES;
				GCC_C_LANGUAGE_STANDARD = gnu11;
				GCC_NO_COMMON_BLOCKS = YES;
				GCC_WARN_64_TO_32_BIT_CONVERSION = YES;
				GCC_WARN_ABOUT_RETURN_TYPE = YES_ERROR;
				GCC_WARN_UNDECLARED_SELECTOR = YES;
				GCC_WARN_UNINITIALIZED_AUTOS = YES_AGGRESSIVE;
				GCC_WARN_UNUSED_FUNCTION = YES;
				GCC_WARN_UNUSED_VARIABLE = YES;
				IPHONEOS_DEPLOYMENT_TARGET = 16.0;
				MTL_ENABLE_DEBUG_INFO = NO;
				MTL_FAST_MATH = YES;
				SDKROOT = iphoneos;
				SWIFT_COMPILATION_MODE = wholemodule;
				SWIFT_OPTIMIZATION_LEVEL = "-O";
				VALIDATE_PRODUCT = YES;
			};
			name = Release;
		};
		2C7D8F1B290264FF00CBEC17 /* Debug */ = {
			isa = XCBuildConfiguration;
			buildSettings = {
				ASSETCATALOG_COMPILER_APPICON_NAME = AppIcon;
				ASSETCATALOG_COMPILER_GLOBAL_ACCENT_COLOR_NAME = AccentColor;
				CODE_SIGN_STYLE = Automatic;
				CURRENT_PROJECT_VERSION = 1;
				DEVELOPMENT_ASSET_PATHS = "\"RandomOldman/Preview Content\"";
				DEVELOPMENT_TEAM = RF42434X35;
				ENABLE_PREVIEWS = YES;
				GENERATE_INFOPLIST_FILE = YES;
				INFOPLIST_KEY_UIApplicationSceneManifest_Generation = YES;
				INFOPLIST_KEY_UIApplicationSupportsIndirectInputEvents = YES;
				INFOPLIST_KEY_UILaunchScreen_Generation = YES;
				INFOPLIST_KEY_UISupportedInterfaceOrientations_iPad = "UIInterfaceOrientationPortrait UIInterfaceOrientationPortraitUpsideDown UIInterfaceOrientationLandscapeLeft UIInterfaceOrientationLandscapeRight";
				INFOPLIST_KEY_UISupportedInterfaceOrientations_iPhone = "UIInterfaceOrientationPortrait UIInterfaceOrientationLandscapeLeft UIInterfaceOrientationLandscapeRight";
				LD_RUNPATH_SEARCH_PATHS = (
					"$(inherited)",
					"@executable_path/Frameworks",
				);
				MARKETING_VERSION = 1.0;
				PRODUCT_BUNDLE_IDENTIFIER = com.codelion.RandomOldman;
				PRODUCT_NAME = "$(TARGET_NAME)";
				SWIFT_EMIT_LOC_STRINGS = YES;
				SWIFT_VERSION = 5.0;
				TARGETED_DEVICE_FAMILY = "1,2";
			};
			name = Debug;
		};
		2C7D8F1C290264FF00CBEC17 /* Release */ = {
			isa = XCBuildConfiguration;
			buildSettings = {
				ASSETCATALOG_COMPILER_APPICON_NAME = AppIcon;
				ASSETCATALOG_COMPILER_GLOBAL_ACCENT_COLOR_NAME = AccentColor;
				CODE_SIGN_STYLE = Automatic;
				CURRENT_PROJECT_VERSION = 1;
				DEVELOPMENT_ASSET_PATHS = "\"RandomOldman/Preview Content\"";
				DEVELOPMENT_TEAM = RF42434X35;
				ENABLE_PREVIEWS = YES;
				GENERATE_INFOPLIST_FILE = YES;
				INFOPLIST_KEY_UIApplicationSceneManifest_Generation = YES;
				INFOPLIST_KEY_UIApplicationSupportsIndirectInputEvents = YES;
				INFOPLIST_KEY_UILaunchScreen_Generation = YES;
				INFOPLIST_KEY_UISupportedInterfaceOrientations_iPad = "UIInterfaceOrientationPortrait UIInterfaceOrientationPortraitUpsideDown UIInterfaceOrientationLandscapeLeft UIInterfaceOrientationLandscapeRight";
				INFOPLIST_KEY_UISupportedInterfaceOrientations_iPhone = "UIInterfaceOrientationPortrait UIInterfaceOrientationLandscapeLeft UIInterfaceOrientationLandscapeRight";
				LD_RUNPATH_SEARCH_PATHS = (
					"$(inherited)",
					"@executable_path/Frameworks",
				);
				MARKETING_VERSION = 1.0;
				PRODUCT_BUNDLE_IDENTIFIER = com.codelion.RandomOldman;
				PRODUCT_NAME = "$(TARGET_NAME)";
				SWIFT_EMIT_LOC_STRINGS = YES;
				SWIFT_VERSION = 5.0;
				TARGETED_DEVICE_FAMILY = "1,2";
			};
			name = Release;
		};
/* End XCBuildConfiguration section */

/* Begin XCConfigurationList section */
		2C7D8F07290264FD00CBEC17 /* Build configuration list for PBXProject "RandomOldman" */ = {
			isa = XCConfigurationList;
			buildConfigurations = (
				2C7D8F18290264FF00CBEC17 /* Debug */,
				2C7D8F19290264FF00CBEC17 /* Release */,
			);
			defaultConfigurationIsVisible = 0;
			defaultConfigurationName = Release;
		};
		2C7D8F1A290264FF00CBEC17 /* Build configuration list for PBXNativeTarget "RandomOldman" */ = {
			isa = XCConfigurationList;
			buildConfigurations = (
				2C7D8F1B290264FF00CBEC17 /* Debug */,
				2C7D8F1C290264FF00CBEC17 /* Release */,
			);
			defaultConfigurationIsVisible = 0;
			defaultConfigurationName = Release;
		};
/* End XCConfigurationList section */
	};
	rootObject = 2C7D8F04290264FD00CBEC17 /* Project object */;
}
