// !$*UTF8*$!
{
	archiveVersion = 1;
	classes = {
	};
	objectVersion = 56;
	objects = {

/* Begin PBXBuildFile section */
		2C4697EB2908B6DE0034FF97 /* TabViewDemo.swift in Sources */ = {isa = PBXBuildFile; fileRef = 2C4697EA2908B6DE0034FF97 /* TabViewDemo.swift */; };
		2C4697EF2908C00C0034FF97 /* ContextMenuDemo.swift in Sources */ = {isa = PBXBuildFile; fileRef = 2C4697EE2908C00C0034FF97 /* ContextMenuDemo.swift */; };
		2C639CC5290A67FE004AFF81 /* DrawDemo.swift in Sources */ = {isa = PBXBuildFile; fileRef = 2C639CC4290A67FE004AFF81 /* DrawDemo.swift */; };
		2C639CC7290A6805004AFF81 /* PathDemo.swift in Sources */ = {isa = PBXBuildFile; fileRef = 2C639CC6290A6805004AFF81 /* PathDemo.swift */; };
		2C639CE7290F5018004AFF81 /* AnimationDemo.swift in Sources */ = {isa = PBXBuildFile; fileRef = 2C639CE6290F5018004AFF81 /* AnimationDemo.swift */; };
		2C8DD6AE29076EF0000E2A61 /* ListDemo.swift in Sources */ = {isa = PBXBuildFile; fileRef = 2C8DD6AD29076EF0000E2A61 /* ListDemo.swift */; };
		2C9B6B6528FE4A8B00BA8544 /* HelloSwiftUIApp.swift in Sources */ = {isa = PBXBuildFile; fileRef = 2C9B6B6428FE4A8B00BA8544 /* HelloSwiftUIApp.swift */; };
		2C9B6B6728FE4A8B00BA8544 /* ContentView.swift in Sources */ = {isa = PBXBuildFile; fileRef = 2C9B6B6628FE4A8B00BA8544 /* ContentView.swift */; };
		2C9B6B6928FE4A8D00BA8544 /* Assets.xcassets in Resources */ = {isa = PBXBuildFile; fileRef = 2C9B6B6828FE4A8D00BA8544 /* Assets.xcassets */; };
		2C9B6B6C28FE4A8D00BA8544 /* Preview Assets.xcassets in Resources */ = {isa = PBXBuildFile; fileRef = 2C9B6B6B28FE4A8D00BA8544 /* Preview Assets.xcassets */; };
		2C9B6B7728FE977400BA8544 /* NewNames.swift in Sources */ = {isa = PBXBuildFile; fileRef = 2C9B6B7628FE977400BA8544 /* NewNames.swift */; };
		2C9B6B7928FEA13C00BA8544 /* TitleView.swift in Sources */ = {isa = PBXBuildFile; fileRef = 2C9B6B7828FEA13C00BA8544 /* TitleView.swift */; };
		2C9B6B7B28FEA2FF00BA8544 /* TeamView.swift in Sources */ = {isa = PBXBuildFile; fileRef = 2C9B6B7A28FEA2FF00BA8544 /* TeamView.swift */; };
		2C9B6B7D28FF8C4800BA8544 /* MyVStack.swift in Sources */ = {isa = PBXBuildFile; fileRef = 2C9B6B7C28FF8C4800BA8544 /* MyVStack.swift */; };
		2C9B6B7F28FFF38B00BA8544 /* SlidverAsyncImage.swift in Sources */ = {isa = PBXBuildFile; fileRef = 2C9B6B7E28FFF38B00BA8544 /* SlidverAsyncImage.swift */; };
/* End PBXBuildFile section */

/* Begin PBXFileReference section */
		2C4697EA2908B6DE0034FF97 /* TabViewDemo.swift */ = {isa = PBXFileReference; lastKnownFileType = sourcecode.swift; path = TabViewDemo.swift; sourceTree = "<group>"; };
		2C4697EE2908C00C0034FF97 /* ContextMenuDemo.swift */ = {isa = PBXFileReference; lastKnownFileType = sourcecode.swift; path = ContextMenuDemo.swift; sourceTree = "<group>"; };
		2C639CC4290A67FE004AFF81 /* DrawDemo.swift */ = {isa = PBXFileReference; fileEncoding = 4; lastKnownFileType = sourcecode.swift; path = DrawDemo.swift; sourceTree = "<group>"; };
		2C639CC6290A6805004AFF81 /* PathDemo.swift */ = {isa = PBXFileReference; fileEncoding = 4; lastKnownFileType = sourcecode.swift; path = PathDemo.swift; sourceTree = "<group>"; };
		2C639CE6290F5018004AFF81 /* AnimationDemo.swift */ = {isa = PBXFileReference; lastKnownFileType = sourcecode.swift; path = AnimationDemo.swift; sourceTree = "<group>"; };
		2C8DD6AD29076EF0000E2A61 /* ListDemo.swift */ = {isa = PBXFileReference; lastKnownFileType = sourcecode.swift; path = ListDemo.swift; sourceTree = "<group>"; };
		2C9B6B6128FE4A8B00BA8544 /* HelloSwiftUI.app */ = {isa = PBXFileReference; explicitFileType = wrapper.application; includeInIndex = 0; path = HelloSwiftUI.app; sourceTree = BUILT_PRODUCTS_DIR; };
		2C9B6B6428FE4A8B00BA8544 /* HelloSwiftUIApp.swift */ = {isa = PBXFileReference; lastKnownFileType = sourcecode.swift; path = HelloSwiftUIApp.swift; sourceTree = "<group>"; };
		2C9B6B6628FE4A8B00BA8544 /* ContentView.swift */ = {isa = PBXFileReference; lastKnownFileType = sourcecode.swift; path = ContentView.swift; sourceTree = "<group>"; };
		2C9B6B6828FE4A8D00BA8544 /* Assets.xcassets */ = {isa = PBXFileReference; lastKnownFileType = folder.assetcatalog; path = Assets.xcassets; sourceTree = "<group>"; };
		2C9B6B6B28FE4A8D00BA8544 /* Preview Assets.xcassets */ = {isa = PBXFileReference; lastKnownFileType = folder.assetcatalog; path = "Preview Assets.xcassets"; sourceTree = "<group>"; };
		2C9B6B7628FE977400BA8544 /* NewNames.swift */ = {isa = PBXFileReference; lastKnownFileType = sourcecode.swift; path = NewNames.swift; sourceTree = "<group>"; };
		2C9B6B7828FEA13C00BA8544 /* TitleView.swift */ = {isa = PBXFileReference; lastKnownFileType = sourcecode.swift; path = TitleView.swift; sourceTree = "<group>"; };
		2C9B6B7A28FEA2FF00BA8544 /* TeamView.swift */ = {isa = PBXFileReference; lastKnownFileType = sourcecode.swift; path = TeamView.swift; sourceTree = "<group>"; };
		2C9B6B7C28FF8C4800BA8544 /* MyVStack.swift */ = {isa = PBXFileReference; lastKnownFileType = sourcecode.swift; path = MyVStack.swift; sourceTree = "<group>"; };
		2C9B6B7E28FFF38B00BA8544 /* SlidverAsyncImage.swift */ = {isa = PBXFileReference; lastKnownFileType = sourcecode.swift; path = SlidverAsyncImage.swift; sourceTree = "<group>"; };
/* End PBXFileReference section */

/* Begin PBXFrameworksBuildPhase section */
		2C9B6B5E28FE4A8B00BA8544 /* Frameworks */ = {
			isa = PBXFrameworksBuildPhase;
			buildActionMask = 2147483647;
			files = (
			);
			runOnlyForDeploymentPostprocessing = 0;
		};
/* End PBXFrameworksBuildPhase section */

/* Begin PBXGroup section */
		2C9B6B5828FE4A8B00BA8544 = {
			isa = PBXGroup;
			children = (
				2C9B6B6328FE4A8B00BA8544 /* HelloSwiftUI */,
				2C9B6B6228FE4A8B00BA8544 /* Products */,
			);
			sourceTree = "<group>";
		};
		2C9B6B6228FE4A8B00BA8544 /* Products */ = {
			isa = PBXGroup;
			children = (
				2C9B6B6128FE4A8B00BA8544 /* HelloSwiftUI.app */,
			);
			name = Products;
			sourceTree = "<group>";
		};
		2C9B6B6328FE4A8B00BA8544 /* HelloSwiftUI */ = {
			isa = PBXGroup;
			children = (
				2C9B6B6428FE4A8B00BA8544 /* HelloSwiftUIApp.swift */,
				2C9B6B6628FE4A8B00BA8544 /* ContentView.swift */,
				2C9B6B7E28FFF38B00BA8544 /* SlidverAsyncImage.swift */,
				2C9B6B7C28FF8C4800BA8544 /* MyVStack.swift */,
				2C9B6B7828FEA13C00BA8544 /* TitleView.swift */,
				2C8DD6AD29076EF0000E2A61 /* ListDemo.swift */,
				2C4697EA2908B6DE0034FF97 /* TabViewDemo.swift */,
				2C639CC6290A6805004AFF81 /* PathDemo.swift */,
				2C4697EE2908C00C0034FF97 /* ContextMenuDemo.swift */,
				2C9B6B7A28FEA2FF00BA8544 /* TeamView.swift */,
				2C639CE6290F5018004AFF81 /* AnimationDemo.swift */,
				2C9B6B7628FE977400BA8544 /* NewNames.swift */,
				2C639CC4290A67FE004AFF81 /* DrawDemo.swift */,
				2C9B6B6828FE4A8D00BA8544 /* Assets.xcassets */,
				2C9B6B6A28FE4A8D00BA8544 /* Preview Content */,
			);
			path = HelloSwiftUI;
			sourceTree = "<group>";
		};
		2C9B6B6A28FE4A8D00BA8544 /* Preview Content */ = {
			isa = PBXGroup;
			children = (
				2C9B6B6B28FE4A8D00BA8544 /* Preview Assets.xcassets */,
			);
			path = "Preview Content";
			sourceTree = "<group>";
		};
/* End PBXGroup section */

/* Begin PBXNativeTarget section */
		2C9B6B6028FE4A8B00BA8544 /* HelloSwiftUI */ = {
			isa = PBXNativeTarget;
			buildConfigurationList = 2C9B6B6F28FE4A8D00BA8544 /* Build configuration list for PBXNativeTarget "HelloSwiftUI" */;
			buildPhases = (
				2C9B6B5D28FE4A8B00BA8544 /* Sources */,
				2C9B6B5E28FE4A8B00BA8544 /* Frameworks */,
				2C9B6B5F28FE4A8B00BA8544 /* Resources */,
			);
			buildRules = (
			);
			dependencies = (
			);
			name = HelloSwiftUI;
			productName = HelloSwiftUI;
			productReference = 2C9B6B6128FE4A8B00BA8544 /* HelloSwiftUI.app */;
			productType = "com.apple.product-type.application";
		};
/* End PBXNativeTarget section */

/* Begin PBXProject section */
		2C9B6B5928FE4A8B00BA8544 /* Project object */ = {
			isa = PBXProject;
			attributes = {
				BuildIndependentTargetsInParallel = 1;
				LastSwiftUpdateCheck = 1400;
				LastUpgradeCheck = 1400;
				TargetAttributes = {
					2C9B6B6028FE4A8B00BA8544 = {
						CreatedOnToolsVersion = 14.0.1;
					};
				};
			};
			buildConfigurationList = 2C9B6B5C28FE4A8B00BA8544 /* Build configuration list for PBXProject "HelloSwiftUI" */;
			compatibilityVersion = "Xcode 14.0";
			developmentRegion = en;
			hasScannedForEncodings = 0;
			knownRegions = (
				en,
				Base,
			);
			mainGroup = 2C9B6B5828FE4A8B00BA8544;
			productRefGroup = 2C9B6B6228FE4A8B00BA8544 /* Products */;
			projectDirPath = "";
			projectRoot = "";
			targets = (
				2C9B6B6028FE4A8B00BA8544 /* HelloSwiftUI */,
			);
		};
/* End PBXProject section */

/* Begin PBXResourcesBuildPhase section */
		2C9B6B5F28FE4A8B00BA8544 /* Resources */ = {
			isa = PBXResourcesBuildPhase;
			buildActionMask = 2147483647;
			files = (
				2C9B6B6C28FE4A8D00BA8544 /* Preview Assets.xcassets in Resources */,
				2C9B6B6928FE4A8D00BA8544 /* Assets.xcassets in Resources */,
			);
			runOnlyForDeploymentPostprocessing = 0;
		};
/* End PBXResourcesBuildPhase section */

/* Begin PBXSourcesBuildPhase section */
		2C9B6B5D28FE4A8B00BA8544 /* Sources */ = {
			isa = PBXSourcesBuildPhase;
			buildActionMask = 2147483647;
			files = (
				2C639CE7290F5018004AFF81 /* AnimationDemo.swift in Sources */,
				2C639CC5290A67FE004AFF81 /* DrawDemo.swift in Sources */,
				2C9B6B7728FE977400BA8544 /* NewNames.swift in Sources */,
				2C9B6B6728FE4A8B00BA8544 /* ContentView.swift in Sources */,
				2C8DD6AE29076EF0000E2A61 /* ListDemo.swift in Sources */,
				2C9B6B7B28FEA2FF00BA8544 /* TeamView.swift in Sources */,
				2C9B6B6528FE4A8B00BA8544 /* HelloSwiftUIApp.swift in Sources */,
				2C4697EF2908C00C0034FF97 /* ContextMenuDemo.swift in Sources */,
				2C9B6B7928FEA13C00BA8544 /* TitleView.swift in Sources */,
				2C9B6B7D28FF8C4800BA8544 /* MyVStack.swift in Sources */,
				2C9B6B7F28FFF38B00BA8544 /* SlidverAsyncImage.swift in Sources */,
				2C4697EB2908B6DE0034FF97 /* TabViewDemo.swift in Sources */,
				2C639CC7290A6805004AFF81 /* PathDemo.swift in Sources */,
			);
			runOnlyForDeploymentPostprocessing = 0;
		};
/* End PBXSourcesBuildPhase section */

/* Begin XCBuildConfiguration section */
		2C9B6B6D28FE4A8D00BA8544 /* Debug */ = {
			isa = XCBuildConfiguration;
			buildSettings = {
				ALWAYS_SEARCH_USER_PATHS = NO;
				CLANG_ANALYZER_NONNULL = YES;
				CLANG_ANALYZER_NUMBER_OBJECT_CONVERSION = YES_AGGRESSIVE;
				CLANG_CXX_LANGUAGE_STANDARD = "gnu++20";
				CLANG_ENABLE_MODULES = YES;
				CLANG_ENABLE_OBJC_ARC = YES;
				CLANG_ENABLE_OBJC_WEAK = YES;
				CLANG_WARN_BLOCK_CAPTURE_AUTORELEASING = YES;
				CLANG_WARN_BOOL_CONVERSION = YES;
				CLANG_WARN_COMMA = YES;
				CLANG_WARN_CONSTANT_CONVERSION = YES;
				CLANG_WARN_DEPRECATED_OBJC_IMPLEMENTATIONS = YES;
				CLANG_WARN_DIRECT_OBJC_ISA_USAGE = YES_ERROR;
				CLANG_WARN_DOCUMENTATION_COMMENTS = YES;
				CLANG_WARN_EMPTY_BODY = YES;
				CLANG_WARN_ENUM_CONVERSION = YES;
				CLANG_WARN_INFINITE_RECURSION = YES;
				CLANG_WARN_INT_CONVERSION = YES;
				CLANG_WARN_NON_LITERAL_NULL_CONVERSION = YES;
				CLANG_WARN_OBJC_IMPLICIT_RETAIN_SELF = YES;
				CLANG_WARN_OBJC_LITERAL_CONVERSION = YES;
				CLANG_WARN_OBJC_ROOT_CLASS = YES_ERROR;
				CLANG_WARN_QUOTED_INCLUDE_IN_FRAMEWORK_HEADER = YES;
				CLANG_WARN_RANGE_LOOP_ANALYSIS = YES;
				CLANG_WARN_STRICT_PROTOTYPES = YES;
				CLANG_WARN_SUSPICIOUS_MOVE = YES;
				CLANG_WARN_UNGUARDED_AVAILABILITY = YES_AGGRESSIVE;
				CLANG_WARN_UNREACHABLE_CODE = YES;
				CLANG_WARN__DUPLICATE_METHOD_MATCH = YES;
				COPY_PHASE_STRIP = NO;
				DEBUG_INFORMATION_FORMAT = dwarf;
				ENABLE_STRICT_OBJC_MSGSEND = YES;
				ENABLE_TESTABILITY = YES;
				GCC_C_LANGUAGE_STANDARD = gnu11;
				GCC_DYNAMIC_NO_PIC = NO;
				GCC_NO_COMMON_BLOCKS = YES;
				GCC_OPTIMIZATION_LEVEL = 0;
				GCC_PREPROCESSOR_DEFINITIONS = (
					"DEBUG=1",
					"$(inherited)",
				);
				GCC_WARN_64_TO_32_BIT_CONVERSION = YES;
				GCC_WARN_ABOUT_RETURN_TYPE = YES_ERROR;
				GCC_WARN_UNDECLARED_SELECTOR = YES;
				GCC_WARN_UNINITIALIZED_AUTOS = YES_AGGRESSIVE;
				GCC_WARN_UNUSED_FUNCTION = YES;
				GCC_WARN_UNUSED_VARIABLE = YES;
				IPHONEOS_DEPLOYMENT_TARGET = 16.0;
				MTL_ENABLE_DEBUG_INFO = INCLUDE_SOURCE;
				MTL_FAST_MATH = YES;
				ONLY_ACTIVE_ARCH = YES;
				SDKROOT = iphoneos;
				SWIFT_ACTIVE_COMPILATION_CONDITIONS = DEBUG;
				SWIFT_OPTIMIZATION_LEVEL = "-Onone";
			};
			name = Debug;
		};
		2C9B6B6E28FE4A8D00BA8544 /* Release */ = {
			isa = XCBuildConfiguration;
			buildSettings = {
				ALWAYS_SEARCH_USER_PATHS = NO;
				CLANG_ANALYZER_NONNULL = YES;
				CLANG_ANALYZER_NUMBER_OBJECT_CONVERSION = YES_AGGRESSIVE;
				CLANG_CXX_LANGUAGE_STANDARD = "gnu++20";
				CLANG_ENABLE_MODULES = YES;
				CLANG_ENABLE_OBJC_ARC = YES;
				CLANG_ENABLE_OBJC_WEAK = YES;
				CLANG_WARN_BLOCK_CAPTURE_AUTORELEASING = YES;
				CLANG_WARN_BOOL_CONVERSION = YES;
				CLANG_WARN_COMMA = YES;
				CLANG_WARN_CONSTANT_CONVERSION = YES;
				CLANG_WARN_DEPRECATED_OBJC_IMPLEMENTATIONS = YES;
				CLANG_WARN_DIRECT_OBJC_ISA_USAGE = YES_ERROR;
				CLANG_WARN_DOCUMENTATION_COMMENTS = YES;
				CLANG_WARN_EMPTY_BODY = YES;
				CLANG_WARN_ENUM_CONVERSION = YES;
				CLANG_WARN_INFINITE_RECURSION = YES;
				CLANG_WARN_INT_CONVERSION = YES;
				CLANG_WARN_NON_LITERAL_NULL_CONVERSION = YES;
				CLANG_WARN_OBJC_IMPLICIT_RETAIN_SELF = YES;
				CLANG_WARN_OBJC_LITERAL_CONVERSION = YES;
				CLANG_WARN_OBJC_ROOT_CLASS = YES_ERROR;
				CLANG_WARN_QUOTED_INCLUDE_IN_FRAMEWORK_HEADER = YES;
				CLANG_WARN_RANGE_LOOP_ANALYSIS = YES;
				CLANG_WARN_STRICT_PROTOTYPES = YES;
				CLANG_WARN_SUSPICIOUS_MOVE = YES;
				CLANG_WARN_UNGUARDED_AVAILABILITY = YES_AGGRESSIVE;
				CLANG_WARN_UNREACHABLE_CODE = YES;
				CLANG_WARN__DUPLICATE_METHOD_MATCH = YES;
				COPY_PHASE_STRIP = NO;
				DEBUG_INFORMATION_FORMAT = "dwarf-with-dsym";
				ENABLE_NS_ASSERTIONS = NO;
				ENABLE_STRICT_OBJC_MSGSEND = YES;
				GCC_C_LANGUAGE_STANDARD = gnu11;
				GCC_NO_COMMON_BLOCKS = YES;
				GCC_WARN_64_TO_32_BIT_CONVERSION = YES;
				GCC_WARN_ABOUT_RETURN_TYPE = YES_ERROR;
				GCC_WARN_UNDECLARED_SELECTOR = YES;
				GCC_WARN_UNINITIALIZED_AUTOS = YES_AGGRESSIVE;
				GCC_WARN_UNUSED_FUNCTION = YES;
				GCC_WARN_UNUSED_VARIABLE = YES;
				IPHONEOS_DEPLOYMENT_TARGET = 16.0;
				MTL_ENABLE_DEBUG_INFO = NO;
				MTL_FAST_MATH = YES;
				SDKROOT = iphoneos;
				SWIFT_COMPILATION_MODE = wholemodule;
				SWIFT_OPTIMIZATION_LEVEL = "-O";
				VALIDATE_PRODUCT = YES;
			};
			name = Release;
		};
		2C9B6B7028FE4A8D00BA8544 /* Debug */ = {
			isa = XCBuildConfiguration;
			buildSettings = {
				ASSETCATALOG_COMPILER_APPICON_NAME = AppIcon;
				ASSETCATALOG_COMPILER_GLOBAL_ACCENT_COLOR_NAME = AccentColor;
				CODE_SIGN_STYLE = Automatic;
				CURRENT_PROJECT_VERSION = 1;
				DEVELOPMENT_ASSET_PATHS = "\"HelloSwiftUI/Preview Content\"";
				DEVELOPMENT_TEAM = RF42434X35;
				ENABLE_PREVIEWS = YES;
				GENERATE_INFOPLIST_FILE = YES;
				INFOPLIST_KEY_UIApplicationSceneManifest_Generation = YES;
				INFOPLIST_KEY_UIApplicationSupportsIndirectInputEvents = YES;
				INFOPLIST_KEY_UILaunchScreen_Generation = YES;
				INFOPLIST_KEY_UISupportedInterfaceOrientations_iPad = "UIInterfaceOrientationPortrait UIInterfaceOrientationPortraitUpsideDown UIInterfaceOrientationLandscapeLeft UIInterfaceOrientationLandscapeRight";
				INFOPLIST_KEY_UISupportedInterfaceOrientations_iPhone = "UIInterfaceOrientationPortrait UIInterfaceOrientationLandscapeLeft UIInterfaceOrientationLandscapeRight";
				LD_RUNPATH_SEARCH_PATHS = (
					"$(inherited)",
					"@executable_path/Frameworks",
				);
				MARKETING_VERSION = 1.0;
				PRODUCT_BUNDLE_IDENTIFIER = com.codelion.HelloSwiftUI;
				PRODUCT_NAME = "$(TARGET_NAME)";
				SWIFT_EMIT_LOC_STRINGS = YES;
				SWIFT_VERSION = 5.0;
				TARGETED_DEVICE_FAMILY = "1,2";
			};
			name = Debug;
		};
		2C9B6B7128FE4A8D00BA8544 /* Release */ = {
			isa = XCBuildConfiguration;
			buildSettings = {
				ASSETCATALOG_COMPILER_APPICON_NAME = AppIcon;
				ASSETCATALOG_COMPILER_GLOBAL_ACCENT_COLOR_NAME = AccentColor;
				CODE_SIGN_STYLE = Automatic;
				CURRENT_PROJECT_VERSION = 1;
				DEVELOPMENT_ASSET_PATHS = "\"HelloSwiftUI/Preview Content\"";
				DEVELOPMENT_TEAM = RF42434X35;
				ENABLE_PREVIEWS = YES;
				GENERATE_INFOPLIST_FILE = YES;
				INFOPLIST_KEY_UIApplicationSceneManifest_Generation = YES;
				INFOPLIST_KEY_UIApplicationSupportsIndirectInputEvents = YES;
				INFOPLIST_KEY_UILaunchScreen_Generation = YES;
				INFOPLIST_KEY_UISupportedInterfaceOrientations_iPad = "UIInterfaceOrientationPortrait UIInterfaceOrientationPortraitUpsideDown UIInterfaceOrientationLandscapeLeft UIInterfaceOrientationLandscapeRight";
				INFOPLIST_KEY_UISupportedInterfaceOrientations_iPhone = "UIInterfaceOrientationPortrait UIInterfaceOrientationLandscapeLeft UIInterfaceOrientationLandscapeRight";
				LD_RUNPATH_SEARCH_PATHS = (
					"$(inherited)",
					"@executable_path/Frameworks",
				);
				MARKETING_VERSION = 1.0;
				PRODUCT_BUNDLE_IDENTIFIER = com.codelion.HelloSwiftUI;
				PRODUCT_NAME = "$(TARGET_NAME)";
				SWIFT_EMIT_LOC_STRINGS = YES;
				SWIFT_VERSION = 5.0;
				TARGETED_DEVICE_FAMILY = "1,2";
			};
			name = Release;
		};
/* End XCBuildConfiguration section */

/* Begin XCConfigurationList section */
		2C9B6B5C28FE4A8B00BA8544 /* Build configuration list for PBXProject "HelloSwiftUI" */ = {
			isa = XCConfigurationList;
			buildConfigurations = (
				2C9B6B6D28FE4A8D00BA8544 /* Debug */,
				2C9B6B6E28FE4A8D00BA8544 /* Release */,
			);
			defaultConfigurationIsVisible = 0;
			defaultConfigurationName = Release;
		};
		2C9B6B6F28FE4A8D00BA8544 /* Build configuration list for PBXNativeTarget "HelloSwiftUI" */ = {
			isa = XCConfigurationList;
			buildConfigurations = (
				2C9B6B7028FE4A8D00BA8544 /* Debug */,
				2C9B6B7128FE4A8D00BA8544 /* Release */,
			);
			defaultConfigurationIsVisible = 0;
			defaultConfigurationName = Release;
		};
/* End XCConfigurationList section */
	};
	rootObject = 2C9B6B5928FE4A8B00BA8544 /* Project object */;
}
