// !$*UTF8*$!
{
	archiveVersion = 1;
	classes = {
	};
	objectVersion = 56;
	objects = {

/* Begin PBXBuildFile section */
		6663A5D029800EA30099D352 /* CustomComponentApp.swift in Sources */ = {isa = PBXBuildFile; fileRef = 6663A5CF29800EA30099D352 /* CustomComponentApp.swift */; };
		6663A5D229800EA30099D352 /* ContentView.swift in Sources */ = {isa = PBXBuildFile; fileRef = 6663A5D129800EA30099D352 /* ContentView.swift */; };
		6663A5D429800EA30099D352 /* Assets.xcassets in Resources */ = {isa = PBXBuildFile; fileRef = 6663A5D329800EA30099D352 /* Assets.xcassets */; };
		6663A5D729800EA30099D352 /* Preview Assets.xcassets in Resources */ = {isa = PBXBuildFile; fileRef = 6663A5D629800EA30099D352 /* Preview Assets.xcassets */; };
		6663A5E129800EA40099D352 /* CustomComponentTests.swift in Sources */ = {isa = PBXBuildFile; fileRef = 6663A5E029800EA40099D352 /* CustomComponentTests.swift */; };
		6663A5EB29800EA40099D352 /* CustomComponentUITests.swift in Sources */ = {isa = PBXBuildFile; fileRef = 6663A5EA29800EA40099D352 /* CustomComponentUITests.swift */; };
		6663A5ED29800EA40099D352 /* CustomComponentUITestsLaunchTests.swift in Sources */ = {isa = PBXBuildFile; fileRef = 6663A5EC29800EA40099D352 /* CustomComponentUITestsLaunchTests.swift */; };
		6663A5FA29800EBF0099D352 /* CustomAlert.swift in Sources */ = {isa = PBXBuildFile; fileRef = 6663A5F929800EBF0099D352 /* CustomAlert.swift */; };
		6663A5FC29800F200099D352 /* CustomAlertModifier.swift in Sources */ = {isa = PBXBuildFile; fileRef = 6663A5FB29800F200099D352 /* CustomAlertModifier.swift */; };
/* End PBXBuildFile section */

/* Begin PBXContainerItemProxy section */
		6663A5DD29800EA40099D352 /* PBXContainerItemProxy */ = {
			isa = PBXContainerItemProxy;
			containerPortal = 6663A5C429800EA30099D352 /* Project object */;
			proxyType = 1;
			remoteGlobalIDString = 6663A5CB29800EA30099D352;
			remoteInfo = CustomComponent;
		};
		6663A5E729800EA40099D352 /* PBXContainerItemProxy */ = {
			isa = PBXContainerItemProxy;
			containerPortal = 6663A5C429800EA30099D352 /* Project object */;
			proxyType = 1;
			remoteGlobalIDString = 6663A5CB29800EA30099D352;
			remoteInfo = CustomComponent;
		};
/* End PBXContainerItemProxy section */

/* Begin PBXFileReference section */
		6663A5CC29800EA30099D352 /* CustomComponent.app */ = {isa = PBXFileReference; explicitFileType = wrapper.application; includeInIndex = 0; path = CustomComponent.app; sourceTree = BUILT_PRODUCTS_DIR; };
		6663A5CF29800EA30099D352 /* CustomComponentApp.swift */ = {isa = PBXFileReference; lastKnownFileType = sourcecode.swift; path = CustomComponentApp.swift; sourceTree = "<group>"; };
		6663A5D129800EA30099D352 /* ContentView.swift */ = {isa = PBXFileReference; lastKnownFileType = sourcecode.swift; path = ContentView.swift; sourceTree = "<group>"; };
		6663A5D329800EA30099D352 /* Assets.xcassets */ = {isa = PBXFileReference; lastKnownFileType = folder.assetcatalog; path = Assets.xcassets; sourceTree = "<group>"; };
		6663A5D629800EA30099D352 /* Preview Assets.xcassets */ = {isa = PBXFileReference; lastKnownFileType = folder.assetcatalog; path = "Preview Assets.xcassets"; sourceTree = "<group>"; };
		6663A5DC29800EA40099D352 /* CustomComponentTests.xctest */ = {isa = PBXFileReference; explicitFileType = wrapper.cfbundle; includeInIndex = 0; path = CustomComponentTests.xctest; sourceTree = BUILT_PRODUCTS_DIR; };
		6663A5E029800EA40099D352 /* CustomComponentTests.swift */ = {isa = PBXFileReference; lastKnownFileType = sourcecode.swift; path = CustomComponentTests.swift; sourceTree = "<group>"; };
		6663A5E629800EA40099D352 /* CustomComponentUITests.xctest */ = {isa = PBXFileReference; explicitFileType = wrapper.cfbundle; includeInIndex = 0; path = CustomComponentUITests.xctest; sourceTree = BUILT_PRODUCTS_DIR; };
		6663A5EA29800EA40099D352 /* CustomComponentUITests.swift */ = {isa = PBXFileReference; lastKnownFileType = sourcecode.swift; path = CustomComponentUITests.swift; sourceTree = "<group>"; };
		6663A5EC29800EA40099D352 /* CustomComponentUITestsLaunchTests.swift */ = {isa = PBXFileReference; lastKnownFileType = sourcecode.swift; path = CustomComponentUITestsLaunchTests.swift; sourceTree = "<group>"; };
		6663A5F929800EBF0099D352 /* CustomAlert.swift */ = {isa = PBXFileReference; lastKnownFileType = sourcecode.swift; path = CustomAlert.swift; sourceTree = "<group>"; };
		6663A5FB29800F200099D352 /* CustomAlertModifier.swift */ = {isa = PBXFileReference; lastKnownFileType = sourcecode.swift; path = CustomAlertModifier.swift; sourceTree = "<group>"; };
/* End PBXFileReference section */

/* Begin PBXFrameworksBuildPhase section */
		6663A5C929800EA30099D352 /* Frameworks */ = {
			isa = PBXFrameworksBuildPhase;
			buildActionMask = 2147483647;
			files = (
			);
			runOnlyForDeploymentPostprocessing = 0;
		};
		6663A5D929800EA40099D352 /* Frameworks */ = {
			isa = PBXFrameworksBuildPhase;
			buildActionMask = 2147483647;
			files = (
			);
			runOnlyForDeploymentPostprocessing = 0;
		};
		6663A5E329800EA40099D352 /* Frameworks */ = {
			isa = PBXFrameworksBuildPhase;
			buildActionMask = 2147483647;
			files = (
			);
			runOnlyForDeploymentPostprocessing = 0;
		};
/* End PBXFrameworksBuildPhase section */

/* Begin PBXGroup section */
		6663A5C329800EA30099D352 = {
			isa = PBXGroup;
			children = (
				6663A5CE29800EA30099D352 /* CustomComponent */,
				6663A5DF29800EA40099D352 /* CustomComponentTests */,
				6663A5E929800EA40099D352 /* CustomComponentUITests */,
				6663A5CD29800EA30099D352 /* Products */,
			);
			sourceTree = "<group>";
		};
		6663A5CD29800EA30099D352 /* Products */ = {
			isa = PBXGroup;
			children = (
				6663A5CC29800EA30099D352 /* CustomComponent.app */,
				6663A5DC29800EA40099D352 /* CustomComponentTests.xctest */,
				6663A5E629800EA40099D352 /* CustomComponentUITests.xctest */,
			);
			name = Products;
			sourceTree = "<group>";
		};
		6663A5CE29800EA30099D352 /* CustomComponent */ = {
			isa = PBXGroup;
			children = (
				6663A5CF29800EA30099D352 /* CustomComponentApp.swift */,
				6663A5D129800EA30099D352 /* ContentView.swift */,
				6663A5F929800EBF0099D352 /* CustomAlert.swift */,
				6663A5FB29800F200099D352 /* CustomAlertModifier.swift */,
				6663A5D329800EA30099D352 /* Assets.xcassets */,
				6663A5D529800EA30099D352 /* Preview Content */,
			);
			path = CustomComponent;
			sourceTree = "<group>";
		};
		6663A5D529800EA30099D352 /* Preview Content */ = {
			isa = PBXGroup;
			children = (
				6663A5D629800EA30099D352 /* Preview Assets.xcassets */,
			);
			path = "Preview Content";
			sourceTree = "<group>";
		};
		6663A5DF29800EA40099D352 /* CustomComponentTests */ = {
			isa = PBXGroup;
			children = (
				6663A5E029800EA40099D352 /* CustomComponentTests.swift */,
			);
			path = CustomComponentTests;
			sourceTree = "<group>";
		};
		6663A5E929800EA40099D352 /* CustomComponentUITests */ = {
			isa = PBXGroup;
			children = (
				6663A5EA29800EA40099D352 /* CustomComponentUITests.swift */,
				6663A5EC29800EA40099D352 /* CustomComponentUITestsLaunchTests.swift */,
			);
			path = CustomComponentUITests;
			sourceTree = "<group>";
		};
/* End PBXGroup section */

/* Begin PBXNativeTarget section */
		6663A5CB29800EA30099D352 /* CustomComponent */ = {
			isa = PBXNativeTarget;
			buildConfigurationList = 6663A5F029800EA40099D352 /* Build configuration list for PBXNativeTarget "CustomComponent" */;
			buildPhases = (
				6663A5C829800EA30099D352 /* Sources */,
				6663A5C929800EA30099D352 /* Frameworks */,
				6663A5CA29800EA30099D352 /* Resources */,
			);
			buildRules = (
			);
			dependencies = (
			);
			name = CustomComponent;
			productName = CustomComponent;
			productReference = 6663A5CC29800EA30099D352 /* CustomComponent.app */;
			productType = "com.apple.product-type.application";
		};
		6663A5DB29800EA40099D352 /* CustomComponentTests */ = {
			isa = PBXNativeTarget;
			buildConfigurationList = 6663A5F329800EA40099D352 /* Build configuration list for PBXNativeTarget "CustomComponentTests" */;
			buildPhases = (
				6663A5D829800EA40099D352 /* Sources */,
				6663A5D929800EA40099D352 /* Frameworks */,
				6663A5DA29800EA40099D352 /* Resources */,
			);
			buildRules = (
			);
			dependencies = (
				6663A5DE29800EA40099D352 /* PBXTargetDependency */,
			);
			name = CustomComponentTests;
			productName = CustomComponentTests;
			productReference = 6663A5DC29800EA40099D352 /* CustomComponentTests.xctest */;
			productType = "com.apple.product-type.bundle.unit-test";
		};
		6663A5E529800EA40099D352 /* CustomComponentUITests */ = {
			isa = PBXNativeTarget;
			buildConfigurationList = 6663A5F629800EA40099D352 /* Build configuration list for PBXNativeTarget "CustomComponentUITests" */;
			buildPhases = (
				6663A5E229800EA40099D352 /* Sources */,
				6663A5E329800EA40099D352 /* Frameworks */,
				6663A5E429800EA40099D352 /* Resources */,
			);
			buildRules = (
			);
			dependencies = (
				6663A5E829800EA40099D352 /* PBXTargetDependency */,
			);
			name = CustomComponentUITests;
			productName = CustomComponentUITests;
			productReference = 6663A5E629800EA40099D352 /* CustomComponentUITests.xctest */;
			productType = "com.apple.product-type.bundle.ui-testing";
		};
/* End PBXNativeTarget section */

/* Begin PBXProject section */
		6663A5C429800EA30099D352 /* Project object */ = {
			isa = PBXProject;
			attributes = {
				BuildIndependentTargetsInParallel = 1;
				LastSwiftUpdateCheck = 1420;
				LastUpgradeCheck = 1420;
				TargetAttributes = {
					6663A5CB29800EA30099D352 = {
						CreatedOnToolsVersion = 14.2;
					};
					6663A5DB29800EA40099D352 = {
						CreatedOnToolsVersion = 14.2;
						TestTargetID = 6663A5CB29800EA30099D352;
					};
					6663A5E529800EA40099D352 = {
						CreatedOnToolsVersion = 14.2;
						TestTargetID = 6663A5CB29800EA30099D352;
					};
				};
			};
			buildConfigurationList = 6663A5C729800EA30099D352 /* Build configuration list for PBXProject "CustomComponent" */;
			compatibilityVersion = "Xcode 14.0";
			developmentRegion = en;
			hasScannedForEncodings = 0;
			knownRegions = (
				en,
				Base,
			);
			mainGroup = 6663A5C329800EA30099D352;
			productRefGroup = 6663A5CD29800EA30099D352 /* Products */;
			projectDirPath = "";
			projectRoot = "";
			targets = (
				6663A5CB29800EA30099D352 /* CustomComponent */,
				6663A5DB29800EA40099D352 /* CustomComponentTests */,
				6663A5E529800EA40099D352 /* CustomComponentUITests */,
			);
		};
/* End PBXProject section */

/* Begin PBXResourcesBuildPhase section */
		6663A5CA29800EA30099D352 /* Resources */ = {
			isa = PBXResourcesBuildPhase;
			buildActionMask = 2147483647;
			files = (
				6663A5D729800EA30099D352 /* Preview Assets.xcassets in Resources */,
				6663A5D429800EA30099D352 /* Assets.xcassets in Resources */,
			);
			runOnlyForDeploymentPostprocessing = 0;
		};
		6663A5DA29800EA40099D352 /* Resources */ = {
			isa = PBXResourcesBuildPhase;
			buildActionMask = 2147483647;
			files = (
			);
			runOnlyForDeploymentPostprocessing = 0;
		};
		6663A5E429800EA40099D352 /* Resources */ = {
			isa = PBXResourcesBuildPhase;
			buildActionMask = 2147483647;
			files = (
			);
			runOnlyForDeploymentPostprocessing = 0;
		};
/* End PBXResourcesBuildPhase section */

/* Begin PBXSourcesBuildPhase section */
		6663A5C829800EA30099D352 /* Sources */ = {
			isa = PBXSourcesBuildPhase;
			buildActionMask = 2147483647;
			files = (
				6663A5FA29800EBF0099D352 /* CustomAlert.swift in Sources */,
				6663A5D229800EA30099D352 /* ContentView.swift in Sources */,
				6663A5FC29800F200099D352 /* CustomAlertModifier.swift in Sources */,
				6663A5D029800EA30099D352 /* CustomComponentApp.swift in Sources */,
			);
			runOnlyForDeploymentPostprocessing = 0;
		};
		6663A5D829800EA40099D352 /* Sources */ = {
			isa = PBXSourcesBuildPhase;
			buildActionMask = 2147483647;
			files = (
				6663A5E129800EA40099D352 /* CustomComponentTests.swift in Sources */,
			);
			runOnlyForDeploymentPostprocessing = 0;
		};
		6663A5E229800EA40099D352 /* Sources */ = {
			isa = PBXSourcesBuildPhase;
			buildActionMask = 2147483647;
			files = (
				6663A5EB29800EA40099D352 /* CustomComponentUITests.swift in Sources */,
				6663A5ED29800EA40099D352 /* CustomComponentUITestsLaunchTests.swift in Sources */,
			);
			runOnlyForDeploymentPostprocessing = 0;
		};
/* End PBXSourcesBuildPhase section */

/* Begin PBXTargetDependency section */
		6663A5DE29800EA40099D352 /* PBXTargetDependency */ = {
			isa = PBXTargetDependency;
			target = 6663A5CB29800EA30099D352 /* CustomComponent */;
			targetProxy = 6663A5DD29800EA40099D352 /* PBXContainerItemProxy */;
		};
		6663A5E829800EA40099D352 /* PBXTargetDependency */ = {
			isa = PBXTargetDependency;
			target = 6663A5CB29800EA30099D352 /* CustomComponent */;
			targetProxy = 6663A5E729800EA40099D352 /* PBXContainerItemProxy */;
		};
/* End PBXTargetDependency section */

/* Begin XCBuildConfiguration section */
		6663A5EE29800EA40099D352 /* Debug */ = {
			isa = XCBuildConfiguration;
			buildSettings = {
				ALWAYS_SEARCH_USER_PATHS = NO;
				CLANG_ANALYZER_NONNULL = YES;
				CLANG_ANALYZER_NUMBER_OBJECT_CONVERSION = YES_AGGRESSIVE;
				CLANG_CXX_LANGUAGE_STANDARD = "gnu++20";
				CLANG_ENABLE_MODULES = YES;
				CLANG_ENABLE_OBJC_ARC = YES;
				CLANG_ENABLE_OBJC_WEAK = YES;
				CLANG_WARN_BLOCK_CAPTURE_AUTORELEASING = YES;
				CLANG_WARN_BOOL_CONVERSION = YES;
				CLANG_WARN_COMMA = YES;
				CLANG_WARN_CONSTANT_CONVERSION = YES;
				CLANG_WARN_DEPRECATED_OBJC_IMPLEMENTATIONS = YES;
				CLANG_WARN_DIRECT_OBJC_ISA_USAGE = YES_ERROR;
				CLANG_WARN_DOCUMENTATION_COMMENTS = YES;
				CLANG_WARN_EMPTY_BODY = YES;
				CLANG_WARN_ENUM_CONVERSION = YES;
				CLANG_WARN_INFINITE_RECURSION = YES;
				CLANG_WARN_INT_CONVERSION = YES;
				CLANG_WARN_NON_LITERAL_NULL_CONVERSION = YES;
				CLANG_WARN_OBJC_IMPLICIT_RETAIN_SELF = YES;
				CLANG_WARN_OBJC_LITERAL_CONVERSION = YES;
				CLANG_WARN_OBJC_ROOT_CLASS = YES_ERROR;
				CLANG_WARN_QUOTED_INCLUDE_IN_FRAMEWORK_HEADER = YES;
				CLANG_WARN_RANGE_LOOP_ANALYSIS = YES;
				CLANG_WARN_STRICT_PROTOTYPES = YES;
				CLANG_WARN_SUSPICIOUS_MOVE = YES;
				CLANG_WARN_UNGUARDED_AVAILABILITY = YES_AGGRESSIVE;
				CLANG_WARN_UNREACHABLE_CODE = YES;
				CLANG_WARN__DUPLICATE_METHOD_MATCH = YES;
				COPY_PHASE_STRIP = NO;
				DEBUG_INFORMATION_FORMAT = dwarf;
				ENABLE_STRICT_OBJC_MSGSEND = YES;
				ENABLE_TESTABILITY = YES;
				GCC_C_LANGUAGE_STANDARD = gnu11;
				GCC_DYNAMIC_NO_PIC = NO;
				GCC_NO_COMMON_BLOCKS = YES;
				GCC_OPTIMIZATION_LEVEL = 0;
				GCC_PREPROCESSOR_DEFINITIONS = (
					"DEBUG=1",
					"$(inherited)",
				);
				GCC_WARN_64_TO_32_BIT_CONVERSION = YES;
				GCC_WARN_ABOUT_RETURN_TYPE = YES_ERROR;
				GCC_WARN_UNDECLARED_SELECTOR = YES;
				GCC_WARN_UNINITIALIZED_AUTOS = YES_AGGRESSIVE;
				GCC_WARN_UNUSED_FUNCTION = YES;
				GCC_WARN_UNUSED_VARIABLE = YES;
				IPHONEOS_DEPLOYMENT_TARGET = 16.2;
				MTL_ENABLE_DEBUG_INFO = INCLUDE_SOURCE;
				MTL_FAST_MATH = YES;
				ONLY_ACTIVE_ARCH = YES;
				SDKROOT = iphoneos;
				SWIFT_ACTIVE_COMPILATION_CONDITIONS = DEBUG;
				SWIFT_OPTIMIZATION_LEVEL = "-Onone";
			};
			name = Debug;
		};
		6663A5EF29800EA40099D352 /* Release */ = {
			isa = XCBuildConfiguration;
			buildSettings = {
				ALWAYS_SEARCH_USER_PATHS = NO;
				CLANG_ANALYZER_NONNULL = YES;
				CLANG_ANALYZER_NUMBER_OBJECT_CONVERSION = YES_AGGRESSIVE;
				CLANG_CXX_LANGUAGE_STANDARD = "gnu++20";
				CLANG_ENABLE_MODULES = YES;
				CLANG_ENABLE_OBJC_ARC = YES;
				CLANG_ENABLE_OBJC_WEAK = YES;
				CLANG_WARN_BLOCK_CAPTURE_AUTORELEASING = YES;
				CLANG_WARN_BOOL_CONVERSION = YES;
				CLANG_WARN_COMMA = YES;
				CLANG_WARN_CONSTANT_CONVERSION = YES;
				CLANG_WARN_DEPRECATED_OBJC_IMPLEMENTATIONS = YES;
				CLANG_WARN_DIRECT_OBJC_ISA_USAGE = YES_ERROR;
				CLANG_WARN_DOCUMENTATION_COMMENTS = YES;
				CLANG_WARN_EMPTY_BODY = YES;
				CLANG_WARN_ENUM_CONVERSION = YES;
				CLANG_WARN_INFINITE_RECURSION = YES;
				CLANG_WARN_INT_CONVERSION = YES;
				CLANG_WARN_NON_LITERAL_NULL_CONVERSION = YES;
				CLANG_WARN_OBJC_IMPLICIT_RETAIN_SELF = YES;
				CLANG_WARN_OBJC_LITERAL_CONVERSION = YES;
				CLANG_WARN_OBJC_ROOT_CLASS = YES_ERROR;
				CLANG_WARN_QUOTED_INCLUDE_IN_FRAMEWORK_HEADER = YES;
				CLANG_WARN_RANGE_LOOP_ANALYSIS = YES;
				CLANG_WARN_STRICT_PROTOTYPES = YES;
				CLANG_WARN_SUSPICIOUS_MOVE = YES;
				CLANG_WARN_UNGUARDED_AVAILABILITY = YES_AGGRESSIVE;
				CLANG_WARN_UNREACHABLE_CODE = YES;
				CLANG_WARN__DUPLICATE_METHOD_MATCH = YES;
				COPY_PHASE_STRIP = NO;
				DEBUG_INFORMATION_FORMAT = "dwarf-with-dsym";
				ENABLE_NS_ASSERTIONS = NO;
				ENABLE_STRICT_OBJC_MSGSEND = YES;
				GCC_C_LANGUAGE_STANDARD = gnu11;
				GCC_NO_COMMON_BLOCKS = YES;
				GCC_WARN_64_TO_32_BIT_CONVERSION = YES;
				GCC_WARN_ABOUT_RETURN_TYPE = YES_ERROR;
				GCC_WARN_UNDECLARED_SELECTOR = YES;
				GCC_WARN_UNINITIALIZED_AUTOS = YES_AGGRESSIVE;
				GCC_WARN_UNUSED_FUNCTION = YES;
				GCC_WARN_UNUSED_VARIABLE = YES;
				IPHONEOS_DEPLOYMENT_TARGET = 16.2;
				MTL_ENABLE_DEBUG_INFO = NO;
				MTL_FAST_MATH = YES;
				SDKROOT = iphoneos;
				SWIFT_COMPILATION_MODE = wholemodule;
				SWIFT_OPTIMIZATION_LEVEL = "-O";
				VALIDATE_PRODUCT = YES;
			};
			name = Release;
		};
		6663A5F129800EA40099D352 /* Debug */ = {
			isa = XCBuildConfiguration;
			buildSettings = {
				ASSETCATALOG_COMPILER_APPICON_NAME = AppIcon;
				ASSETCATALOG_COMPILER_GLOBAL_ACCENT_COLOR_NAME = AccentColor;
				CODE_SIGN_STYLE = Automatic;
				CURRENT_PROJECT_VERSION = 1;
				DEVELOPMENT_ASSET_PATHS = "\"CustomComponent/Preview Content\"";
				DEVELOPMENT_TEAM = RF42434X35;
				ENABLE_PREVIEWS = YES;
				GENERATE_INFOPLIST_FILE = YES;
				INFOPLIST_KEY_UIApplicationSceneManifest_Generation = YES;
				INFOPLIST_KEY_UIApplicationSupportsIndirectInputEvents = YES;
				INFOPLIST_KEY_UILaunchScreen_Generation = YES;
				INFOPLIST_KEY_UISupportedInterfaceOrientations_iPad = "UIInterfaceOrientationPortrait UIInterfaceOrientationPortraitUpsideDown UIInterfaceOrientationLandscapeLeft UIInterfaceOrientationLandscapeRight";
				INFOPLIST_KEY_UISupportedInterfaceOrientations_iPhone = "UIInterfaceOrientationPortrait UIInterfaceOrientationLandscapeLeft UIInterfaceOrientationLandscapeRight";
				LD_RUNPATH_SEARCH_PATHS = (
					"$(inherited)",
					"@executable_path/Frameworks",
				);
				MARKETING_VERSION = 1.0;
				PRODUCT_BUNDLE_IDENTIFIER = com.bo.CustomComponent;
				PRODUCT_NAME = "$(TARGET_NAME)";
				SWIFT_EMIT_LOC_STRINGS = YES;
				SWIFT_VERSION = 5.0;
				TARGETED_DEVICE_FAMILY = "1,2";
			};
			name = Debug;
		};
		6663A5F229800EA40099D352 /* Release */ = {
			isa = XCBuildConfiguration;
			buildSettings = {
				ASSETCATALOG_COMPILER_APPICON_NAME = AppIcon;
				ASSETCATALOG_COMPILER_GLOBAL_ACCENT_COLOR_NAME = AccentColor;
				CODE_SIGN_STYLE = Automatic;
				CURRENT_PROJECT_VERSION = 1;
				DEVELOPMENT_ASSET_PATHS = "\"CustomComponent/Preview Content\"";
				DEVELOPMENT_TEAM = RF42434X35;
				ENABLE_PREVIEWS = YES;
				GENERATE_INFOPLIST_FILE = YES;
				INFOPLIST_KEY_UIApplicationSceneManifest_Generation = YES;
				INFOPLIST_KEY_UIApplicationSupportsIndirectInputEvents = YES;
				INFOPLIST_KEY_UILaunchScreen_Generation = YES;
				INFOPLIST_KEY_UISupportedInterfaceOrientations_iPad = "UIInterfaceOrientationPortrait UIInterfaceOrientationPortraitUpsideDown UIInterfaceOrientationLandscapeLeft UIInterfaceOrientationLandscapeRight";
				INFOPLIST_KEY_UISupportedInterfaceOrientations_iPhone = "UIInterfaceOrientationPortrait UIInterfaceOrientationLandscapeLeft UIInterfaceOrientationLandscapeRight";
				LD_RUNPATH_SEARCH_PATHS = (
					"$(inherited)",
					"@executable_path/Frameworks",
				);
				MARKETING_VERSION = 1.0;
				PRODUCT_BUNDLE_IDENTIFIER = com.bo.CustomComponent;
				PRODUCT_NAME = "$(TARGET_NAME)";
				SWIFT_EMIT_LOC_STRINGS = YES;
				SWIFT_VERSION = 5.0;
				TARGETED_DEVICE_FAMILY = "1,2";
			};
			name = Release;
		};
		6663A5F429800EA40099D352 /* Debug */ = {
			isa = XCBuildConfiguration;
			buildSettings = {
				ALWAYS_EMBED_SWIFT_STANDARD_LIBRARIES = YES;
				BUNDLE_LOADER = "$(TEST_HOST)";
				CODE_SIGN_STYLE = Automatic;
				CURRENT_PROJECT_VERSION = 1;
				DEVELOPMENT_TEAM = RF42434X35;
				GENERATE_INFOPLIST_FILE = YES;
				IPHONEOS_DEPLOYMENT_TARGET = 16.2;
				MARKETING_VERSION = 1.0;
				PRODUCT_BUNDLE_IDENTIFIER = com.bo.CustomComponentTests;
				PRODUCT_NAME = "$(TARGET_NAME)";
				SWIFT_EMIT_LOC_STRINGS = NO;
				SWIFT_VERSION = 5.0;
				TARGETED_DEVICE_FAMILY = "1,2";
				TEST_HOST = "$(BUILT_PRODUCTS_DIR)/CustomComponent.app/$(BUNDLE_EXECUTABLE_FOLDER_PATH)/CustomComponent";
			};
			name = Debug;
		};
		6663A5F529800EA40099D352 /* Release */ = {
			isa = XCBuildConfiguration;
			buildSettings = {
				ALWAYS_EMBED_SWIFT_STANDARD_LIBRARIES = YES;
				BUNDLE_LOADER = "$(TEST_HOST)";
				CODE_SIGN_STYLE = Automatic;
				CURRENT_PROJECT_VERSION = 1;
				DEVELOPMENT_TEAM = RF42434X35;
				GENERATE_INFOPLIST_FILE = YES;
				IPHONEOS_DEPLOYMENT_TARGET = 16.2;
				MARKETING_VERSION = 1.0;
				PRODUCT_BUNDLE_IDENTIFIER = com.bo.CustomComponentTests;
				PRODUCT_NAME = "$(TARGET_NAME)";
				SWIFT_EMIT_LOC_STRINGS = NO;
				SWIFT_VERSION = 5.0;
				TARGETED_DEVICE_FAMILY = "1,2";
				TEST_HOST = "$(BUILT_PRODUCTS_DIR)/CustomComponent.app/$(BUNDLE_EXECUTABLE_FOLDER_PATH)/CustomComponent";
			};
			name = Release;
		};
		6663A5F729800EA40099D352 /* Debug */ = {
			isa = XCBuildConfiguration;
			buildSettings = {
				ALWAYS_EMBED_SWIFT_STANDARD_LIBRARIES = YES;
				CODE_SIGN_STYLE = Automatic;
				CURRENT_PROJECT_VERSION = 1;
				DEVELOPMENT_TEAM = RF42434X35;
				GENERATE_INFOPLIST_FILE = YES;
				MARKETING_VERSION = 1.0;
				PRODUCT_BUNDLE_IDENTIFIER = com.bo.CustomComponentUITests;
				PRODUCT_NAME = "$(TARGET_NAME)";
				SWIFT_EMIT_LOC_STRINGS = NO;
				SWIFT_VERSION = 5.0;
				TARGETED_DEVICE_FAMILY = "1,2";
				TEST_TARGET_NAME = CustomComponent;
			};
			name = Debug;
		};
		6663A5F829800EA40099D352 /* Release */ = {
			isa = XCBuildConfiguration;
			buildSettings = {
				ALWAYS_EMBED_SWIFT_STANDARD_LIBRARIES = YES;
				CODE_SIGN_STYLE = Automatic;
				CURRENT_PROJECT_VERSION = 1;
				DEVELOPMENT_TEAM = RF42434X35;
				GENERATE_INFOPLIST_FILE = YES;
				MARKETING_VERSION = 1.0;
				PRODUCT_BUNDLE_IDENTIFIER = com.bo.CustomComponentUITests;
				PRODUCT_NAME = "$(TARGET_NAME)";
				SWIFT_EMIT_LOC_STRINGS = NO;
				SWIFT_VERSION = 5.0;
				TARGETED_DEVICE_FAMILY = "1,2";
				TEST_TARGET_NAME = CustomComponent;
			};
			name = Release;
		};
/* End XCBuildConfiguration section */

/* Begin XCConfigurationList section */
		6663A5C729800EA30099D352 /* Build configuration list for PBXProject "CustomComponent" */ = {
			isa = XCConfigurationList;
			buildConfigurations = (
				6663A5EE29800EA40099D352 /* Debug */,
				6663A5EF29800EA40099D352 /* Release */,
			);
			defaultConfigurationIsVisible = 0;
			defaultConfigurationName = Release;
		};
		6663A5F029800EA40099D352 /* Build configuration list for PBXNativeTarget "CustomComponent" */ = {
			isa = XCConfigurationList;
			buildConfigurations = (
				6663A5F129800EA40099D352 /* Debug */,
				6663A5F229800EA40099D352 /* Release */,
			);
			defaultConfigurationIsVisible = 0;
			defaultConfigurationName = Release;
		};
		6663A5F329800EA40099D352 /* Build configuration list for PBXNativeTarget "CustomComponentTests" */ = {
			isa = XCConfigurationList;
			buildConfigurations = (
				6663A5F429800EA40099D352 /* Debug */,
				6663A5F529800EA40099D352 /* Release */,
			);
			defaultConfigurationIsVisible = 0;
			defaultConfigurationName = Release;
		};
		6663A5F629800EA40099D352 /* Build configuration list for PBXNativeTarget "CustomComponentUITests" */ = {
			isa = XCConfigurationList;
			buildConfigurations = (
				6663A5F729800EA40099D352 /* Debug */,
				6663A5F829800EA40099D352 /* Release */,
			);
			defaultConfigurationIsVisible = 0;
			defaultConfigurationName = Release;
		};
/* End XCConfigurationList section */
	};
	rootObject = 6663A5C429800EA30099D352 /* Project object */;
}
