// !$*UTF8*$!
{
	archiveVersion = 1;
	classes = {
	};
	objectVersion = 56;
	objects = {

/* Begin PBXBuildFile section */
		664F2E66298FF15D0059EE51 /* AreaToCardApp.swift in Sources */ = {isa = PBXBuildFile; fileRef = 664F2E65298FF15D0059EE51 /* AreaToCardApp.swift */; };
		664F2E68298FF15D0059EE51 /* ContentView.swift in Sources */ = {isa = PBXBuildFile; fileRef = 664F2E67298FF15D0059EE51 /* ContentView.swift */; };
		664F2E6A298FF15E0059EE51 /* Assets.xcassets in Resources */ = {isa = PBXBuildFile; fileRef = 664F2E69298FF15E0059EE51 /* Assets.xcassets */; };
		664F2E6D298FF15E0059EE51 /* Preview Assets.xcassets in Resources */ = {isa = PBXBuildFile; fileRef = 664F2E6C298FF15E0059EE51 /* Preview Assets.xcassets */; };
		664F2E77298FF15F0059EE51 /* AreaToCardTests.swift in Sources */ = {isa = PBXBuildFile; fileRef = 664F2E76298FF15F0059EE51 /* AreaToCardTests.swift */; };
		664F2E81298FF15F0059EE51 /* AreaToCardUITests.swift in Sources */ = {isa = PBXBuildFile; fileRef = 664F2E80298FF15F0059EE51 /* AreaToCardUITests.swift */; };
		664F2E83298FF15F0059EE51 /* AreaToCardUITestsLaunchTests.swift in Sources */ = {isa = PBXBuildFile; fileRef = 664F2E82298FF15F0059EE51 /* AreaToCardUITestsLaunchTests.swift */; };
/* End PBXBuildFile section */

/* Begin PBXContainerItemProxy section */
		664F2E73298FF15F0059EE51 /* PBXContainerItemProxy */ = {
			isa = PBXContainerItemProxy;
			containerPortal = 664F2E5A298FF15D0059EE51 /* Project object */;
			proxyType = 1;
			remoteGlobalIDString = 664F2E61298FF15D0059EE51;
			remoteInfo = AreaToCard;
		};
		664F2E7D298FF15F0059EE51 /* PBXContainerItemProxy */ = {
			isa = PBXContainerItemProxy;
			containerPortal = 664F2E5A298FF15D0059EE51 /* Project object */;
			proxyType = 1;
			remoteGlobalIDString = 664F2E61298FF15D0059EE51;
			remoteInfo = AreaToCard;
		};
/* End PBXContainerItemProxy section */

/* Begin PBXFileReference section */
		664F2E62298FF15D0059EE51 /* AreaToCard.app */ = {isa = PBXFileReference; explicitFileType = wrapper.application; includeInIndex = 0; path = AreaToCard.app; sourceTree = BUILT_PRODUCTS_DIR; };
		664F2E65298FF15D0059EE51 /* AreaToCardApp.swift */ = {isa = PBXFileReference; lastKnownFileType = sourcecode.swift; path = AreaToCardApp.swift; sourceTree = "<group>"; };
		664F2E67298FF15D0059EE51 /* ContentView.swift */ = {isa = PBXFileReference; lastKnownFileType = sourcecode.swift; path = ContentView.swift; sourceTree = "<group>"; };
		664F2E69298FF15E0059EE51 /* Assets.xcassets */ = {isa = PBXFileReference; lastKnownFileType = folder.assetcatalog; path = Assets.xcassets; sourceTree = "<group>"; };
		664F2E6C298FF15E0059EE51 /* Preview Assets.xcassets */ = {isa = PBXFileReference; lastKnownFileType = folder.assetcatalog; path = "Preview Assets.xcassets"; sourceTree = "<group>"; };
		664F2E72298FF15F0059EE51 /* AreaToCardTests.xctest */ = {isa = PBXFileReference; explicitFileType = wrapper.cfbundle; includeInIndex = 0; path = AreaToCardTests.xctest; sourceTree = BUILT_PRODUCTS_DIR; };
		664F2E76298FF15F0059EE51 /* AreaToCardTests.swift */ = {isa = PBXFileReference; lastKnownFileType = sourcecode.swift; path = AreaToCardTests.swift; sourceTree = "<group>"; };
		664F2E7C298FF15F0059EE51 /* AreaToCardUITests.xctest */ = {isa = PBXFileReference; explicitFileType = wrapper.cfbundle; includeInIndex = 0; path = AreaToCardUITests.xctest; sourceTree = BUILT_PRODUCTS_DIR; };
		664F2E80298FF15F0059EE51 /* AreaToCardUITests.swift */ = {isa = PBXFileReference; lastKnownFileType = sourcecode.swift; path = AreaToCardUITests.swift; sourceTree = "<group>"; };
		664F2E82298FF15F0059EE51 /* AreaToCardUITestsLaunchTests.swift */ = {isa = PBXFileReference; lastKnownFileType = sourcecode.swift; path = AreaToCardUITestsLaunchTests.swift; sourceTree = "<group>"; };
/* End PBXFileReference section */

/* Begin PBXFrameworksBuildPhase section */
		664F2E5F298FF15D0059EE51 /* Frameworks */ = {
			isa = PBXFrameworksBuildPhase;
			buildActionMask = 2147483647;
			files = (
			);
			runOnlyForDeploymentPostprocessing = 0;
		};
		664F2E6F298FF15F0059EE51 /* Frameworks */ = {
			isa = PBXFrameworksBuildPhase;
			buildActionMask = 2147483647;
			files = (
			);
			runOnlyForDeploymentPostprocessing = 0;
		};
		664F2E79298FF15F0059EE51 /* Frameworks */ = {
			isa = PBXFrameworksBuildPhase;
			buildActionMask = 2147483647;
			files = (
			);
			runOnlyForDeploymentPostprocessing = 0;
		};
/* End PBXFrameworksBuildPhase section */

/* Begin PBXGroup section */
		664F2E59298FF15D0059EE51 = {
			isa = PBXGroup;
			children = (
				664F2E64298FF15D0059EE51 /* AreaToCard */,
				664F2E75298FF15F0059EE51 /* AreaToCardTests */,
				664F2E7F298FF15F0059EE51 /* AreaToCardUITests */,
				664F2E63298FF15D0059EE51 /* Products */,
			);
			sourceTree = "<group>";
		};
		664F2E63298FF15D0059EE51 /* Products */ = {
			isa = PBXGroup;
			children = (
				664F2E62298FF15D0059EE51 /* AreaToCard.app */,
				664F2E72298FF15F0059EE51 /* AreaToCardTests.xctest */,
				664F2E7C298FF15F0059EE51 /* AreaToCardUITests.xctest */,
			);
			name = Products;
			sourceTree = "<group>";
		};
		664F2E64298FF15D0059EE51 /* AreaToCard */ = {
			isa = PBXGroup;
			children = (
				664F2E65298FF15D0059EE51 /* AreaToCardApp.swift */,
				664F2E67298FF15D0059EE51 /* ContentView.swift */,
				664F2E69298FF15E0059EE51 /* Assets.xcassets */,
				664F2E6B298FF15E0059EE51 /* Preview Content */,
			);
			path = AreaToCard;
			sourceTree = "<group>";
		};
		664F2E6B298FF15E0059EE51 /* Preview Content */ = {
			isa = PBXGroup;
			children = (
				664F2E6C298FF15E0059EE51 /* Preview Assets.xcassets */,
			);
			path = "Preview Content";
			sourceTree = "<group>";
		};
		664F2E75298FF15F0059EE51 /* AreaToCardTests */ = {
			isa = PBXGroup;
			children = (
				664F2E76298FF15F0059EE51 /* AreaToCardTests.swift */,
			);
			path = AreaToCardTests;
			sourceTree = "<group>";
		};
		664F2E7F298FF15F0059EE51 /* AreaToCardUITests */ = {
			isa = PBXGroup;
			children = (
				664F2E80298FF15F0059EE51 /* AreaToCardUITests.swift */,
				664F2E82298FF15F0059EE51 /* AreaToCardUITestsLaunchTests.swift */,
			);
			path = AreaToCardUITests;
			sourceTree = "<group>";
		};
/* End PBXGroup section */

/* Begin PBXNativeTarget section */
		664F2E61298FF15D0059EE51 /* AreaToCard */ = {
			isa = PBXNativeTarget;
			buildConfigurationList = 664F2E86298FF15F0059EE51 /* Build configuration list for PBXNativeTarget "AreaToCard" */;
			buildPhases = (
				664F2E5E298FF15D0059EE51 /* Sources */,
				664F2E5F298FF15D0059EE51 /* Frameworks */,
				664F2E60298FF15D0059EE51 /* Resources */,
			);
			buildRules = (
			);
			dependencies = (
			);
			name = AreaToCard;
			productName = AreaToCard;
			productReference = 664F2E62298FF15D0059EE51 /* AreaToCard.app */;
			productType = "com.apple.product-type.application";
		};
		664F2E71298FF15F0059EE51 /* AreaToCardTests */ = {
			isa = PBXNativeTarget;
			buildConfigurationList = 664F2E89298FF15F0059EE51 /* Build configuration list for PBXNativeTarget "AreaToCardTests" */;
			buildPhases = (
				664F2E6E298FF15F0059EE51 /* Sources */,
				664F2E6F298FF15F0059EE51 /* Frameworks */,
				664F2E70298FF15F0059EE51 /* Resources */,
			);
			buildRules = (
			);
			dependencies = (
				664F2E74298FF15F0059EE51 /* PBXTargetDependency */,
			);
			name = AreaToCardTests;
			productName = AreaToCardTests;
			productReference = 664F2E72298FF15F0059EE51 /* AreaToCardTests.xctest */;
			productType = "com.apple.product-type.bundle.unit-test";
		};
		664F2E7B298FF15F0059EE51 /* AreaToCardUITests */ = {
			isa = PBXNativeTarget;
			buildConfigurationList = 664F2E8C298FF15F0059EE51 /* Build configuration list for PBXNativeTarget "AreaToCardUITests" */;
			buildPhases = (
				664F2E78298FF15F0059EE51 /* Sources */,
				664F2E79298FF15F0059EE51 /* Frameworks */,
				664F2E7A298FF15F0059EE51 /* Resources */,
			);
			buildRules = (
			);
			dependencies = (
				664F2E7E298FF15F0059EE51 /* PBXTargetDependency */,
			);
			name = AreaToCardUITests;
			productName = AreaToCardUITests;
			productReference = 664F2E7C298FF15F0059EE51 /* AreaToCardUITests.xctest */;
			productType = "com.apple.product-type.bundle.ui-testing";
		};
/* End PBXNativeTarget section */

/* Begin PBXProject section */
		664F2E5A298FF15D0059EE51 /* Project object */ = {
			isa = PBXProject;
			attributes = {
				BuildIndependentTargetsInParallel = 1;
				LastSwiftUpdateCheck = 1420;
				LastUpgradeCheck = 1420;
				TargetAttributes = {
					664F2E61298FF15D0059EE51 = {
						CreatedOnToolsVersion = 14.2;
					};
					664F2E71298FF15F0059EE51 = {
						CreatedOnToolsVersion = 14.2;
						TestTargetID = 664F2E61298FF15D0059EE51;
					};
					664F2E7B298FF15F0059EE51 = {
						CreatedOnToolsVersion = 14.2;
						TestTargetID = 664F2E61298FF15D0059EE51;
					};
				};
			};
			buildConfigurationList = 664F2E5D298FF15D0059EE51 /* Build configuration list for PBXProject "AreaToCard" */;
			compatibilityVersion = "Xcode 14.0";
			developmentRegion = en;
			hasScannedForEncodings = 0;
			knownRegions = (
				en,
				Base,
			);
			mainGroup = 664F2E59298FF15D0059EE51;
			productRefGroup = 664F2E63298FF15D0059EE51 /* Products */;
			projectDirPath = "";
			projectRoot = "";
			targets = (
				664F2E61298FF15D0059EE51 /* AreaToCard */,
				664F2E71298FF15F0059EE51 /* AreaToCardTests */,
				664F2E7B298FF15F0059EE51 /* AreaToCardUITests */,
			);
		};
/* End PBXProject section */

/* Begin PBXResourcesBuildPhase section */
		664F2E60298FF15D0059EE51 /* Resources */ = {
			isa = PBXResourcesBuildPhase;
			buildActionMask = 2147483647;
			files = (
				664F2E6D298FF15E0059EE51 /* Preview Assets.xcassets in Resources */,
				664F2E6A298FF15E0059EE51 /* Assets.xcassets in Resources */,
			);
			runOnlyForDeploymentPostprocessing = 0;
		};
		664F2E70298FF15F0059EE51 /* Resources */ = {
			isa = PBXResourcesBuildPhase;
			buildActionMask = 2147483647;
			files = (
			);
			runOnlyForDeploymentPostprocessing = 0;
		};
		664F2E7A298FF15F0059EE51 /* Resources */ = {
			isa = PBXResourcesBuildPhase;
			buildActionMask = 2147483647;
			files = (
			);
			runOnlyForDeploymentPostprocessing = 0;
		};
/* End PBXResourcesBuildPhase section */

/* Begin PBXSourcesBuildPhase section */
		664F2E5E298FF15D0059EE51 /* Sources */ = {
			isa = PBXSourcesBuildPhase;
			buildActionMask = 2147483647;
			files = (
				664F2E68298FF15D0059EE51 /* ContentView.swift in Sources */,
				664F2E66298FF15D0059EE51 /* AreaToCardApp.swift in Sources */,
			);
			runOnlyForDeploymentPostprocessing = 0;
		};
		664F2E6E298FF15F0059EE51 /* Sources */ = {
			isa = PBXSourcesBuildPhase;
			buildActionMask = 2147483647;
			files = (
				664F2E77298FF15F0059EE51 /* AreaToCardTests.swift in Sources */,
			);
			runOnlyForDeploymentPostprocessing = 0;
		};
		664F2E78298FF15F0059EE51 /* Sources */ = {
			isa = PBXSourcesBuildPhase;
			buildActionMask = 2147483647;
			files = (
				664F2E83298FF15F0059EE51 /* AreaToCardUITestsLaunchTests.swift in Sources */,
				664F2E81298FF15F0059EE51 /* AreaToCardUITests.swift in Sources */,
			);
			runOnlyForDeploymentPostprocessing = 0;
		};
/* End PBXSourcesBuildPhase section */

/* Begin PBXTargetDependency section */
		664F2E74298FF15F0059EE51 /* PBXTargetDependency */ = {
			isa = PBXTargetDependency;
			target = 664F2E61298FF15D0059EE51 /* AreaToCard */;
			targetProxy = 664F2E73298FF15F0059EE51 /* PBXContainerItemProxy */;
		};
		664F2E7E298FF15F0059EE51 /* PBXTargetDependency */ = {
			isa = PBXTargetDependency;
			target = 664F2E61298FF15D0059EE51 /* AreaToCard */;
			targetProxy = 664F2E7D298FF15F0059EE51 /* PBXContainerItemProxy */;
		};
/* End PBXTargetDependency section */

/* Begin XCBuildConfiguration section */
		664F2E84298FF15F0059EE51 /* Debug */ = {
			isa = XCBuildConfiguration;
			buildSettings = {
				ALWAYS_SEARCH_USER_PATHS = NO;
				CLANG_ANALYZER_NONNULL = YES;
				CLANG_ANALYZER_NUMBER_OBJECT_CONVERSION = YES_AGGRESSIVE;
				CLANG_CXX_LANGUAGE_STANDARD = "gnu++20";
				CLANG_ENABLE_MODULES = YES;
				CLANG_ENABLE_OBJC_ARC = YES;
				CLANG_ENABLE_OBJC_WEAK = YES;
				CLANG_WARN_BLOCK_CAPTURE_AUTORELEASING = YES;
				CLANG_WARN_BOOL_CONVERSION = YES;
				CLANG_WARN_COMMA = YES;
				CLANG_WARN_CONSTANT_CONVERSION = YES;
				CLANG_WARN_DEPRECATED_OBJC_IMPLEMENTATIONS = YES;
				CLANG_WARN_DIRECT_OBJC_ISA_USAGE = YES_ERROR;
				CLANG_WARN_DOCUMENTATION_COMMENTS = YES;
				CLANG_WARN_EMPTY_BODY = YES;
				CLANG_WARN_ENUM_CONVERSION = YES;
				CLANG_WARN_INFINITE_RECURSION = YES;
				CLANG_WARN_INT_CONVERSION = YES;
				CLANG_WARN_NON_LITERAL_NULL_CONVERSION = YES;
				CLANG_WARN_OBJC_IMPLICIT_RETAIN_SELF = YES;
				CLANG_WARN_OBJC_LITERAL_CONVERSION = YES;
				CLANG_WARN_OBJC_ROOT_CLASS = YES_ERROR;
				CLANG_WARN_QUOTED_INCLUDE_IN_FRAMEWORK_HEADER = YES;
				CLANG_WARN_RANGE_LOOP_ANALYSIS = YES;
				CLANG_WARN_STRICT_PROTOTYPES = YES;
				CLANG_WARN_SUSPICIOUS_MOVE = YES;
				CLANG_WARN_UNGUARDED_AVAILABILITY = YES_AGGRESSIVE;
				CLANG_WARN_UNREACHABLE_CODE = YES;
				CLANG_WARN__DUPLICATE_METHOD_MATCH = YES;
				COPY_PHASE_STRIP = NO;
				DEBUG_INFORMATION_FORMAT = dwarf;
				ENABLE_STRICT_OBJC_MSGSEND = YES;
				ENABLE_TESTABILITY = YES;
				GCC_C_LANGUAGE_STANDARD = gnu11;
				GCC_DYNAMIC_NO_PIC = NO;
				GCC_NO_COMMON_BLOCKS = YES;
				GCC_OPTIMIZATION_LEVEL = 0;
				GCC_PREPROCESSOR_DEFINITIONS = (
					"DEBUG=1",
					"$(inherited)",
				);
				GCC_WARN_64_TO_32_BIT_CONVERSION = YES;
				GCC_WARN_ABOUT_RETURN_TYPE = YES_ERROR;
				GCC_WARN_UNDECLARED_SELECTOR = YES;
				GCC_WARN_UNINITIALIZED_AUTOS = YES_AGGRESSIVE;
				GCC_WARN_UNUSED_FUNCTION = YES;
				GCC_WARN_UNUSED_VARIABLE = YES;
				IPHONEOS_DEPLOYMENT_TARGET = 16.2;
				MTL_ENABLE_DEBUG_INFO = INCLUDE_SOURCE;
				MTL_FAST_MATH = YES;
				ONLY_ACTIVE_ARCH = YES;
				SDKROOT = iphoneos;
				SWIFT_ACTIVE_COMPILATION_CONDITIONS = DEBUG;
				SWIFT_OPTIMIZATION_LEVEL = "-Onone";
			};
			name = Debug;
		};
		664F2E85298FF15F0059EE51 /* Release */ = {
			isa = XCBuildConfiguration;
			buildSettings = {
				ALWAYS_SEARCH_USER_PATHS = NO;
				CLANG_ANALYZER_NONNULL = YES;
				CLANG_ANALYZER_NUMBER_OBJECT_CONVERSION = YES_AGGRESSIVE;
				CLANG_CXX_LANGUAGE_STANDARD = "gnu++20";
				CLANG_ENABLE_MODULES = YES;
				CLANG_ENABLE_OBJC_ARC = YES;
				CLANG_ENABLE_OBJC_WEAK = YES;
				CLANG_WARN_BLOCK_CAPTURE_AUTORELEASING = YES;
				CLANG_WARN_BOOL_CONVERSION = YES;
				CLANG_WARN_COMMA = YES;
				CLANG_WARN_CONSTANT_CONVERSION = YES;
				CLANG_WARN_DEPRECATED_OBJC_IMPLEMENTATIONS = YES;
				CLANG_WARN_DIRECT_OBJC_ISA_USAGE = YES_ERROR;
				CLANG_WARN_DOCUMENTATION_COMMENTS = YES;
				CLANG_WARN_EMPTY_BODY = YES;
				CLANG_WARN_ENUM_CONVERSION = YES;
				CLANG_WARN_INFINITE_RECURSION = YES;
				CLANG_WARN_INT_CONVERSION = YES;
				CLANG_WARN_NON_LITERAL_NULL_CONVERSION = YES;
				CLANG_WARN_OBJC_IMPLICIT_RETAIN_SELF = YES;
				CLANG_WARN_OBJC_LITERAL_CONVERSION = YES;
				CLANG_WARN_OBJC_ROOT_CLASS = YES_ERROR;
				CLANG_WARN_QUOTED_INCLUDE_IN_FRAMEWORK_HEADER = YES;
				CLANG_WARN_RANGE_LOOP_ANALYSIS = YES;
				CLANG_WARN_STRICT_PROTOTYPES = YES;
				CLANG_WARN_SUSPICIOUS_MOVE = YES;
				CLANG_WARN_UNGUARDED_AVAILABILITY = YES_AGGRESSIVE;
				CLANG_WARN_UNREACHABLE_CODE = YES;
				CLANG_WARN__DUPLICATE_METHOD_MATCH = YES;
				COPY_PHASE_STRIP = NO;
				DEBUG_INFORMATION_FORMAT = "dwarf-with-dsym";
				ENABLE_NS_ASSERTIONS = NO;
				ENABLE_STRICT_OBJC_MSGSEND = YES;
				GCC_C_LANGUAGE_STANDARD = gnu11;
				GCC_NO_COMMON_BLOCKS = YES;
				GCC_WARN_64_TO_32_BIT_CONVERSION = YES;
				GCC_WARN_ABOUT_RETURN_TYPE = YES_ERROR;
				GCC_WARN_UNDECLARED_SELECTOR = YES;
				GCC_WARN_UNINITIALIZED_AUTOS = YES_AGGRESSIVE;
				GCC_WARN_UNUSED_FUNCTION = YES;
				GCC_WARN_UNUSED_VARIABLE = YES;
				IPHONEOS_DEPLOYMENT_TARGET = 16.2;
				MTL_ENABLE_DEBUG_INFO = NO;
				MTL_FAST_MATH = YES;
				SDKROOT = iphoneos;
				SWIFT_COMPILATION_MODE = wholemodule;
				SWIFT_OPTIMIZATION_LEVEL = "-O";
				VALIDATE_PRODUCT = YES;
			};
			name = Release;
		};
		664F2E87298FF15F0059EE51 /* Debug */ = {
			isa = XCBuildConfiguration;
			buildSettings = {
				ASSETCATALOG_COMPILER_APPICON_NAME = AppIcon;
				ASSETCATALOG_COMPILER_GLOBAL_ACCENT_COLOR_NAME = AccentColor;
				CODE_SIGN_STYLE = Automatic;
				CURRENT_PROJECT_VERSION = 1;
				DEVELOPMENT_ASSET_PATHS = "\"AreaToCard/Preview Content\"";
				DEVELOPMENT_TEAM = RF42434X35;
				ENABLE_PREVIEWS = YES;
				GENERATE_INFOPLIST_FILE = YES;
				INFOPLIST_KEY_UIApplicationSceneManifest_Generation = YES;
				INFOPLIST_KEY_UIApplicationSupportsIndirectInputEvents = YES;
				INFOPLIST_KEY_UILaunchScreen_Generation = YES;
				INFOPLIST_KEY_UISupportedInterfaceOrientations_iPad = "UIInterfaceOrientationPortrait UIInterfaceOrientationPortraitUpsideDown UIInterfaceOrientationLandscapeLeft UIInterfaceOrientationLandscapeRight";
				INFOPLIST_KEY_UISupportedInterfaceOrientations_iPhone = "UIInterfaceOrientationPortrait UIInterfaceOrientationLandscapeLeft UIInterfaceOrientationLandscapeRight";
				LD_RUNPATH_SEARCH_PATHS = (
					"$(inherited)",
					"@executable_path/Frameworks",
				);
				MARKETING_VERSION = 1.0;
				PRODUCT_BUNDLE_IDENTIFIER = com.Taeyoung.AreaToCard;
				PRODUCT_NAME = "$(TARGET_NAME)";
				SWIFT_EMIT_LOC_STRINGS = YES;
				SWIFT_VERSION = 5.0;
				TARGETED_DEVICE_FAMILY = "1,2";
			};
			name = Debug;
		};
		664F2E88298FF15F0059EE51 /* Release */ = {
			isa = XCBuildConfiguration;
			buildSettings = {
				ASSETCATALOG_COMPILER_APPICON_NAME = AppIcon;
				ASSETCATALOG_COMPILER_GLOBAL_ACCENT_COLOR_NAME = AccentColor;
				CODE_SIGN_STYLE = Automatic;
				CURRENT_PROJECT_VERSION = 1;
				DEVELOPMENT_ASSET_PATHS = "\"AreaToCard/Preview Content\"";
				DEVELOPMENT_TEAM = RF42434X35;
				ENABLE_PREVIEWS = YES;
				GENERATE_INFOPLIST_FILE = YES;
				INFOPLIST_KEY_UIApplicationSceneManifest_Generation = YES;
				INFOPLIST_KEY_UIApplicationSupportsIndirectInputEvents = YES;
				INFOPLIST_KEY_UILaunchScreen_Generation = YES;
				INFOPLIST_KEY_UISupportedInterfaceOrientations_iPad = "UIInterfaceOrientationPortrait UIInterfaceOrientationPortraitUpsideDown UIInterfaceOrientationLandscapeLeft UIInterfaceOrientationLandscapeRight";
				INFOPLIST_KEY_UISupportedInterfaceOrientations_iPhone = "UIInterfaceOrientationPortrait UIInterfaceOrientationLandscapeLeft UIInterfaceOrientationLandscapeRight";
				LD_RUNPATH_SEARCH_PATHS = (
					"$(inherited)",
					"@executable_path/Frameworks",
				);
				MARKETING_VERSION = 1.0;
				PRODUCT_BUNDLE_IDENTIFIER = com.Taeyoung.AreaToCard;
				PRODUCT_NAME = "$(TARGET_NAME)";
				SWIFT_EMIT_LOC_STRINGS = YES;
				SWIFT_VERSION = 5.0;
				TARGETED_DEVICE_FAMILY = "1,2";
			};
			name = Release;
		};
		664F2E8A298FF15F0059EE51 /* Debug */ = {
			isa = XCBuildConfiguration;
			buildSettings = {
				ALWAYS_EMBED_SWIFT_STANDARD_LIBRARIES = YES;
				BUNDLE_LOADER = "$(TEST_HOST)";
				CODE_SIGN_STYLE = Automatic;
				CURRENT_PROJECT_VERSION = 1;
				DEVELOPMENT_TEAM = RF42434X35;
				GENERATE_INFOPLIST_FILE = YES;
				IPHONEOS_DEPLOYMENT_TARGET = 16.2;
				MARKETING_VERSION = 1.0;
				PRODUCT_BUNDLE_IDENTIFIER = com.Taeyoung.AreaToCardTests;
				PRODUCT_NAME = "$(TARGET_NAME)";
				SWIFT_EMIT_LOC_STRINGS = NO;
				SWIFT_VERSION = 5.0;
				TARGETED_DEVICE_FAMILY = "1,2";
				TEST_HOST = "$(BUILT_PRODUCTS_DIR)/AreaToCard.app/$(BUNDLE_EXECUTABLE_FOLDER_PATH)/AreaToCard";
			};
			name = Debug;
		};
		664F2E8B298FF15F0059EE51 /* Release */ = {
			isa = XCBuildConfiguration;
			buildSettings = {
				ALWAYS_EMBED_SWIFT_STANDARD_LIBRARIES = YES;
				BUNDLE_LOADER = "$(TEST_HOST)";
				CODE_SIGN_STYLE = Automatic;
				CURRENT_PROJECT_VERSION = 1;
				DEVELOPMENT_TEAM = RF42434X35;
				GENERATE_INFOPLIST_FILE = YES;
				IPHONEOS_DEPLOYMENT_TARGET = 16.2;
				MARKETING_VERSION = 1.0;
				PRODUCT_BUNDLE_IDENTIFIER = com.Taeyoung.AreaToCardTests;
				PRODUCT_NAME = "$(TARGET_NAME)";
				SWIFT_EMIT_LOC_STRINGS = NO;
				SWIFT_VERSION = 5.0;
				TARGETED_DEVICE_FAMILY = "1,2";
				TEST_HOST = "$(BUILT_PRODUCTS_DIR)/AreaToCard.app/$(BUNDLE_EXECUTABLE_FOLDER_PATH)/AreaToCard";
			};
			name = Release;
		};
		664F2E8D298FF15F0059EE51 /* Debug */ = {
			isa = XCBuildConfiguration;
			buildSettings = {
				ALWAYS_EMBED_SWIFT_STANDARD_LIBRARIES = YES;
				CODE_SIGN_STYLE = Automatic;
				CURRENT_PROJECT_VERSION = 1;
				DEVELOPMENT_TEAM = RF42434X35;
				GENERATE_INFOPLIST_FILE = YES;
				MARKETING_VERSION = 1.0;
				PRODUCT_BUNDLE_IDENTIFIER = com.Taeyoung.AreaToCardUITests;
				PRODUCT_NAME = "$(TARGET_NAME)";
				SWIFT_EMIT_LOC_STRINGS = NO;
				SWIFT_VERSION = 5.0;
				TARGETED_DEVICE_FAMILY = "1,2";
				TEST_TARGET_NAME = AreaToCard;
			};
			name = Debug;
		};
		664F2E8E298FF15F0059EE51 /* Release */ = {
			isa = XCBuildConfiguration;
			buildSettings = {
				ALWAYS_EMBED_SWIFT_STANDARD_LIBRARIES = YES;
				CODE_SIGN_STYLE = Automatic;
				CURRENT_PROJECT_VERSION = 1;
				DEVELOPMENT_TEAM = RF42434X35;
				GENERATE_INFOPLIST_FILE = YES;
				MARKETING_VERSION = 1.0;
				PRODUCT_BUNDLE_IDENTIFIER = com.Taeyoung.AreaToCardUITests;
				PRODUCT_NAME = "$(TARGET_NAME)";
				SWIFT_EMIT_LOC_STRINGS = NO;
				SWIFT_VERSION = 5.0;
				TARGETED_DEVICE_FAMILY = "1,2";
				TEST_TARGET_NAME = AreaToCard;
			};
			name = Release;
		};
/* End XCBuildConfiguration section */

/* Begin XCConfigurationList section */
		664F2E5D298FF15D0059EE51 /* Build configuration list for PBXProject "AreaToCard" */ = {
			isa = XCConfigurationList;
			buildConfigurations = (
				664F2E84298FF15F0059EE51 /* Debug */,
				664F2E85298FF15F0059EE51 /* Release */,
			);
			defaultConfigurationIsVisible = 0;
			defaultConfigurationName = Release;
		};
		664F2E86298FF15F0059EE51 /* Build configuration list for PBXNativeTarget "AreaToCard" */ = {
			isa = XCConfigurationList;
			buildConfigurations = (
				664F2E87298FF15F0059EE51 /* Debug */,
				664F2E88298FF15F0059EE51 /* Release */,
			);
			defaultConfigurationIsVisible = 0;
			defaultConfigurationName = Release;
		};
		664F2E89298FF15F0059EE51 /* Build configuration list for PBXNativeTarget "AreaToCardTests" */ = {
			isa = XCConfigurationList;
			buildConfigurations = (
				664F2E8A298FF15F0059EE51 /* Debug */,
				664F2E8B298FF15F0059EE51 /* Release */,
			);
			defaultConfigurationIsVisible = 0;
			defaultConfigurationName = Release;
		};
		664F2E8C298FF15F0059EE51 /* Build configuration list for PBXNativeTarget "AreaToCardUITests" */ = {
			isa = XCConfigurationList;
			buildConfigurations = (
				664F2E8D298FF15F0059EE51 /* Debug */,
				664F2E8E298FF15F0059EE51 /* Release */,
			);
			defaultConfigurationIsVisible = 0;
			defaultConfigurationName = Release;
		};
/* End XCConfigurationList section */
	};
	rootObject = 664F2E5A298FF15D0059EE51 /* Project object */;
}
